// !$*UTF8*$!
{
	archiveVersion = 1;
	classes = {
	};
	objectVersion = 46;
	objects = {

/* Begin PBXBuildFile section */
		13B07FBC1A68108700A75B9A /* AppDelegate.m in Sources */ = {isa = PBXBuildFile; fileRef = 13B07FB01A68108700A75B9A /* AppDelegate.m */; };
		13B07FBF1A68108700A75B9A /* Images.xcassets in Resources */ = {isa = PBXBuildFile; fileRef = 13B07FB51A68108700A75B9A /* Images.xcassets */; };
		13B07FC11A68108700A75B9A /* main.m in Sources */ = {isa = PBXBuildFile; fileRef = 13B07FB71A68108700A75B9A /* main.m */; };
		4E76AF7D78F0343A996A8CCE /* Pods_Xaman_XamanTests.framework in Frameworks */ = {isa = PBXBuildFile; fileRef = BFD60F0C13BA576045833BA5 /* Pods_Xaman_XamanTests.framework */; };
		9F2B8C19DDAA855ECD2EF1A2 /* Pods_Xaman.framework in Frameworks */ = {isa = PBXBuildFile; fileRef = 0C137C8E9CDF0648A92B4C5D /* Pods_Xaman.framework */; };
		A2021F6A28E591F300506772 /* CryptoTest.swift in Sources */ = {isa = PBXBuildFile; fileRef = A2021F6928E591F300506772 /* CryptoTest.swift */; };
		A2021F7528E5C53000506772 /* CipherTest.m in Sources */ = {isa = PBXBuildFile; fileRef = A2021F7428E5C53000506772 /* CipherTest.m */; };
		A2021F7728E6DF9700506772 /* VaultMangerTest.m in Sources */ = {isa = PBXBuildFile; fileRef = A2021F7628E6DF9700506772 /* VaultMangerTest.m */; };
		A20B9293256FCE670066FECA /* Empty.swift in Sources */ = {isa = PBXBuildFile; fileRef = A20B9292256FCE670066FECA /* Empty.swift */; };
		A20C14202524C8A000686A2A /* AppUpdate.m in Sources */ = {isa = PBXBuildFile; fileRef = A20C141F2524C8A000686A2A /* AppUpdate.m */; };
		A21FD5D928EDA7D900030EF0 /* PerformanceLogger.m in Sources */ = {isa = PBXBuildFile; fileRef = A21FD5D828EDA7D900030EF0 /* PerformanceLogger.m */; };
		A22A151328BF7F9F001A632E /* V1+AesCbc.m in Sources */ = {isa = PBXBuildFile; fileRef = A22A151128BF7F9F001A632E /* V1+AesCbc.m */; };
		A22A151728C0AAAF001A632E /* Keychain.m in Sources */ = {isa = PBXBuildFile; fileRef = A22A151528C0AAAF001A632E /* Keychain.m */; };
		A22A151A28C0BECA001A632E /* Cipher.m in Sources */ = {isa = PBXBuildFile; fileRef = A22A151928C0BECA001A632E /* Cipher.m */; };
		A22A151E28C20014001A632E /* V2+AesGcm.m in Sources */ = {isa = PBXBuildFile; fileRef = A22A151D28C20014001A632E /* V2+AesGcm.m */; };
		A22A152028C61E97001A632E /* Crypto.swift in Sources */ = {isa = PBXBuildFile; fileRef = A22A151F28C61E97001A632E /* Crypto.swift */; };
		A248635D28229379004633C9 /* BiometricModule.m in Sources */ = {isa = PBXBuildFile; fileRef = A248635C28229379004633C9 /* BiometricModule.m */; };
		A2771FC229828E33008A95E3 /* security.txt in Resources */ = {isa = PBXBuildFile; fileRef = A2771FC129828E33008A95E3 /* security.txt */; };
		A2805CE224D1982400B5552E /* LocalNotification.m in Sources */ = {isa = PBXBuildFile; fileRef = A2805CE124D1982400B5552E /* LocalNotification.m */; };
		A28BA8A6282409B600109CC8 /* SecurityProvider.m in Sources */ = {isa = PBXBuildFile; fileRef = A28BA8A5282409B600109CC8 /* SecurityProvider.m */; };
		A2A9F31428858F45009AE778 /* BlurViewManager.m in Sources */ = {isa = PBXBuildFile; fileRef = A2A9F31328858F45009AE778 /* BlurViewManager.m */; };
		A2A9F3182885965C009AE778 /* UIView+Blur.m in Sources */ = {isa = PBXBuildFile; fileRef = A2A9F3172885965C009AE778 /* UIView+Blur.m */; };
		A2A9F31E28859AF4009AE778 /* BlurEffectWithAmount.m in Sources */ = {isa = PBXBuildFile; fileRef = A2A9F31D28859AF4009AE778 /* BlurEffectWithAmount.m */; };
		A2A9F32728A12C4C009AE778 /* RNCWKProcessPoolManager.m in Sources */ = {isa = PBXBuildFile; fileRef = A2A9F32128A12C4C009AE778 /* RNCWKProcessPoolManager.m */; };
		A2A9F32828A12C4C009AE778 /* RNCWebViewManager.m in Sources */ = {isa = PBXBuildFile; fileRef = A2A9F32328A12C4C009AE778 /* RNCWebViewManager.m */; };
		A2A9F32928A12C4C009AE778 /* RNCWebView.m in Sources */ = {isa = PBXBuildFile; fileRef = A2A9F32428A12C4C009AE778 /* RNCWebView.m */; };
		A2A9F32D28AA460D009AE778 /* VaultManager.m in Sources */ = {isa = PBXBuildFile; fileRef = A2A9F32B28AA460D009AE778 /* VaultManager.m */; };
		A2AFF12E243E79C30007005E /* Proxima Nova Alt Thin.otf in Resources */ = {isa = PBXBuildFile; fileRef = A2AFF10A243E79C30007005E /* Proxima Nova Alt Thin.otf */; };
		A2AFF12F243E79C30007005E /* UbuntuMono-BoldItalic.ttf in Resources */ = {isa = PBXBuildFile; fileRef = A2AFF10B243E79C30007005E /* UbuntuMono-BoldItalic.ttf */; };
		A2AFF130243E79C30007005E /* UbuntuMono-Bold.ttf in Resources */ = {isa = PBXBuildFile; fileRef = A2AFF10C243E79C30007005E /* UbuntuMono-Bold.ttf */; };
		A2AFF131243E79C30007005E /* Proxima Nova Alt Bold.otf in Resources */ = {isa = PBXBuildFile; fileRef = A2AFF10D243E79C30007005E /* Proxima Nova Alt Bold.otf */; };
		A2AFF132243E79C30007005E /* UbuntuMono-RegularItalic.ttf in Resources */ = {isa = PBXBuildFile; fileRef = A2AFF10E243E79C30007005E /* UbuntuMono-RegularItalic.ttf */; };
		A2AFF133243E79C30007005E /* Proxima Nova Extrabold.otf in Resources */ = {isa = PBXBuildFile; fileRef = A2AFF10F243E79C30007005E /* Proxima Nova Extrabold.otf */; };
		A2AFF134243E79C30007005E /* Proxima Nova Alt Light.otf in Resources */ = {isa = PBXBuildFile; fileRef = A2AFF110243E79C30007005E /* Proxima Nova Alt Light.otf */; };
		A2AFF135243E79C30007005E /* UbuntuMono-Regular.ttf in Resources */ = {isa = PBXBuildFile; fileRef = A2AFF111243E79C30007005E /* UbuntuMono-Regular.ttf */; };
		A2AFF136243E79C30007005E /* Proxima Nova Black.otf in Resources */ = {isa = PBXBuildFile; fileRef = A2AFF112243E79C30007005E /* Proxima Nova Black.otf */; };
		A2AFF137243E79C30007005E /* Proxima Nova Bold.otf in Resources */ = {isa = PBXBuildFile; fileRef = A2AFF113243E79C30007005E /* Proxima Nova Bold.otf */; };
		A2AFF138243E79C30007005E /* ProximaNova-Regular.otf in Resources */ = {isa = PBXBuildFile; fileRef = A2AFF114243E79C30007005E /* ProximaNova-Regular.otf */; };
		A2AFF139243E79C30007005E /* Proxima Nova Thin.otf in Resources */ = {isa = PBXBuildFile; fileRef = A2AFF115243E79C30007005E /* Proxima Nova Thin.otf */; };
		A2AFF13A243E79C30007005E /* GoogleService-Info.plist in Resources */ = {isa = PBXBuildFile; fileRef = A2AFF116243E79C30007005E /* GoogleService-Info.plist */; };
		A2AFF13B243E79C30007005E /* QRCode.m in Sources */ = {isa = PBXBuildFile; fileRef = A2AFF119243E79C30007005E /* QRCode.m */; };
		A2AFF13C243E79C30007005E /* UIView+QRCode.m in Sources */ = {isa = PBXBuildFile; fileRef = A2AFF11A243E79C30007005E /* UIView+QRCode.m */; };
		A2AFF13D243E79C30007005E /* Toast.m in Sources */ = {isa = PBXBuildFile; fileRef = A2AFF11C243E79C30007005E /* Toast.m */; };
		A2AFF13E243E79C30007005E /* QRCodeGenerator.m in Sources */ = {isa = PBXBuildFile; fileRef = A2AFF123243E79C30007005E /* QRCodeGenerator.m */; };
		A2AFF13F243E79C30007005E /* CIColor+QRCode.m in Sources */ = {isa = PBXBuildFile; fileRef = A2AFF124243E79C30007005E /* CIColor+QRCode.m */; };
		A2AFF140243E79C30007005E /* NSString+Utils.m in Sources */ = {isa = PBXBuildFile; fileRef = A2AFF125243E79C30007005E /* NSString+Utils.m */; };
		A2AFF141243E79C30007005E /* UIView+Toast.m in Sources */ = {isa = PBXBuildFile; fileRef = A2AFF127243E79C30007005E /* UIView+Toast.m */; };
		A2AFF142243E79C30007005E /* Crypto.m in Sources */ = {isa = PBXBuildFile; fileRef = A2AFF12A243E79C30007005E /* Crypto.m */; };
		A2AFF143243E79C30007005E /* DeviceUtils.m in Sources */ = {isa = PBXBuildFile; fileRef = A2AFF12D243E79C30007005E /* DeviceUtils.m */; };
		A2B145CB243E935F00E952B6 /* LaunchScreen.storyboard in Resources */ = {isa = PBXBuildFile; fileRef = A2B145CA243E935F00E952B6 /* LaunchScreen.storyboard */; };
		A2B9D13E2449BAA400259841 /* SharedPreferences.m in Sources */ = {isa = PBXBuildFile; fileRef = A2B9D13D2449B83C00259841 /* SharedPreferences.m */; };
		A2D856C02880166A003717BC /* AppUtils.m in Sources */ = {isa = PBXBuildFile; fileRef = A2D856BF2880166A003717BC /* AppUtils.m */; };
		A2D856C428802622003717BC /* HapticFeedback.m in Sources */ = {isa = PBXBuildFile; fileRef = A2D856C328802622003717BC /* HapticFeedback.m */; };
		A2ED1312252DC717002AFC09 /* InAppPurchase.m in Sources */ = {isa = PBXBuildFile; fileRef = A2ED1311252DC717002AFC09 /* InAppPurchase.m */; };
		A2ED131C252F113A002AFC09 /* StoreKit.framework in Frameworks */ = {isa = PBXBuildFile; fileRef = A2ED131B252F113A002AFC09 /* StoreKit.framework */; };
		A2F4F39528802A4600444302 /* UniqueIdProvider.m in Sources */ = {isa = PBXBuildFile; fileRef = A2F4F39428802A4600444302 /* UniqueIdProvider.m */; };
		A2F4F398288168CB00444302 /* Clipboard.m in Sources */ = {isa = PBXBuildFile; fileRef = A2F4F397288168CB00444302 /* Clipboard.m */; };
/* End PBXBuildFile section */

/* Begin PBXContainerItemProxy section */
		00E356F41AD99517003FC87E /* PBXContainerItemProxy */ = {
			isa = PBXContainerItemProxy;
			containerPortal = 83CBB9F71A601CBA00E9B192 /* Project object */;
			proxyType = 1;
			remoteGlobalIDString = 13B07F861A680F5B00A75B9A;
			remoteInfo = XUMM;
		};
/* End PBXContainerItemProxy section */

/* Begin PBXFileReference section */
		008F07F21AC5B25A0029DE68 /* main.jsbundle */ = {isa = PBXFileReference; fileEncoding = 4; lastKnownFileType = text; path = main.jsbundle; sourceTree = "<group>"; };
		00E356EE1AD99517003FC87E /* XamanTests.xctest */ = {isa = PBXFileReference; explicitFileType = wrapper.cfbundle; includeInIndex = 0; path = XamanTests.xctest; sourceTree = BUILT_PRODUCTS_DIR; };
		00E356F11AD99517003FC87E /* Info.plist */ = {isa = PBXFileReference; lastKnownFileType = text.plist.xml; path = Info.plist; sourceTree = "<group>"; };
		04A66EC2DDF90CD814AAB046 /* Pods-Xaman-XamanTests.release.xcconfig */ = {isa = PBXFileReference; includeInIndex = 1; lastKnownFileType = text.xcconfig; name = "Pods-Xaman-XamanTests.release.xcconfig"; path = "Target Support Files/Pods-Xaman-XamanTests/Pods-Xaman-XamanTests.release.xcconfig"; sourceTree = "<group>"; };
		0C137C8E9CDF0648A92B4C5D /* Pods_Xaman.framework */ = {isa = PBXFileReference; explicitFileType = wrapper.framework; includeInIndex = 0; path = Pods_Xaman.framework; sourceTree = BUILT_PRODUCTS_DIR; };
		13B07F961A680F5B00A75B9A /* Xaman.app */ = {isa = PBXFileReference; explicitFileType = wrapper.application; includeInIndex = 0; path = Xaman.app; sourceTree = BUILT_PRODUCTS_DIR; };
		13B07FAF1A68108700A75B9A /* AppDelegate.h */ = {isa = PBXFileReference; fileEncoding = 4; lastKnownFileType = sourcecode.c.h; name = AppDelegate.h; path = Xaman/AppDelegate.h; sourceTree = "<group>"; };
		13B07FB01A68108700A75B9A /* AppDelegate.m */ = {isa = PBXFileReference; fileEncoding = 4; lastKnownFileType = sourcecode.c.objc; name = AppDelegate.m; path = Xaman/AppDelegate.m; sourceTree = "<group>"; };
		13B07FB51A68108700A75B9A /* Images.xcassets */ = {isa = PBXFileReference; lastKnownFileType = folder.assetcatalog; name = Images.xcassets; path = Xaman/Images.xcassets; sourceTree = "<group>"; };
		13B07FB61A68108700A75B9A /* Info.plist */ = {isa = PBXFileReference; fileEncoding = 4; lastKnownFileType = text.plist.xml; name = Info.plist; path = Xaman/Info.plist; sourceTree = "<group>"; };
		13B07FB71A68108700A75B9A /* main.m */ = {isa = PBXFileReference; fileEncoding = 4; lastKnownFileType = sourcecode.c.objc; name = main.m; path = Xaman/main.m; sourceTree = "<group>"; };
		A2021F6828E591F300506772 /* XamanTests-Bridging-Header.h */ = {isa = PBXFileReference; lastKnownFileType = sourcecode.c.h; path = "XamanTests-Bridging-Header.h"; sourceTree = "<group>"; };
		A2021F6928E591F300506772 /* CryptoTest.swift */ = {isa = PBXFileReference; lastKnownFileType = sourcecode.swift; path = CryptoTest.swift; sourceTree = "<group>"; };
		A2021F7428E5C53000506772 /* CipherTest.m */ = {isa = PBXFileReference; lastKnownFileType = sourcecode.c.objc; path = CipherTest.m; sourceTree = "<group>"; };
		A2021F7628E6DF9700506772 /* VaultMangerTest.m */ = {isa = PBXFileReference; lastKnownFileType = sourcecode.c.objc; path = VaultMangerTest.m; sourceTree = "<group>"; };
		A20B9291256FCE670066FECA /* Xaman-Bridging-Header.h */ = {isa = PBXFileReference; lastKnownFileType = sourcecode.c.h; path = "Xaman-Bridging-Header.h"; sourceTree = "<group>"; };
		A20B9292256FCE670066FECA /* Empty.swift */ = {isa = PBXFileReference; lastKnownFileType = sourcecode.swift; path = Empty.swift; sourceTree = "<group>"; };
		A20C141E2524C8A000686A2A /* AppUpdate.h */ = {isa = PBXFileReference; fileEncoding = 4; lastKnownFileType = sourcecode.c.h; path = AppUpdate.h; sourceTree = "<group>"; };
		A20C141F2524C8A000686A2A /* AppUpdate.m */ = {isa = PBXFileReference; fileEncoding = 4; lastKnownFileType = sourcecode.c.objc; path = AppUpdate.m; sourceTree = "<group>"; };
		A21FD5D828EDA7D900030EF0 /* PerformanceLogger.m */ = {isa = PBXFileReference; lastKnownFileType = sourcecode.c.objc; path = PerformanceLogger.m; sourceTree = "<group>"; };
		A22A151128BF7F9F001A632E /* V1+AesCbc.m */ = {isa = PBXFileReference; fileEncoding = 4; lastKnownFileType = sourcecode.c.objc; path = "V1+AesCbc.m"; sourceTree = "<group>"; };
		A22A151228BF7F9F001A632E /* V1+AesCbc.h */ = {isa = PBXFileReference; fileEncoding = 4; lastKnownFileType = sourcecode.c.h; path = "V1+AesCbc.h"; sourceTree = "<group>"; };
		A22A151528C0AAAF001A632E /* Keychain.m */ = {isa = PBXFileReference; fileEncoding = 4; lastKnownFileType = sourcecode.c.objc; path = Keychain.m; sourceTree = "<group>"; };
		A22A151628C0AAAF001A632E /* Keychain.h */ = {isa = PBXFileReference; fileEncoding = 4; lastKnownFileType = sourcecode.c.h; path = Keychain.h; sourceTree = "<group>"; };
		A22A151828C0BEB9001A632E /* Cipher.h */ = {isa = PBXFileReference; lastKnownFileType = sourcecode.c.h; path = Cipher.h; sourceTree = "<group>"; };
		A22A151928C0BECA001A632E /* Cipher.m */ = {isa = PBXFileReference; lastKnownFileType = sourcecode.c.objc; path = Cipher.m; sourceTree = "<group>"; };
		A22A151C28C20014001A632E /* V2+AesGcm.h */ = {isa = PBXFileReference; fileEncoding = 4; lastKnownFileType = sourcecode.c.h; path = "V2+AesGcm.h"; sourceTree = "<group>"; };
		A22A151D28C20014001A632E /* V2+AesGcm.m */ = {isa = PBXFileReference; fileEncoding = 4; lastKnownFileType = sourcecode.c.objc; path = "V2+AesGcm.m"; sourceTree = "<group>"; };
		A22A151F28C61E97001A632E /* Crypto.swift */ = {isa = PBXFileReference; lastKnownFileType = sourcecode.swift; path = Crypto.swift; sourceTree = "<group>"; };
		A248635C28229379004633C9 /* BiometricModule.m */ = {isa = PBXFileReference; lastKnownFileType = sourcecode.c.objc; path = BiometricModule.m; sourceTree = "<group>"; };
		A248635E2822939E004633C9 /* BiometricModule.h */ = {isa = PBXFileReference; lastKnownFileType = sourcecode.c.h; path = BiometricModule.h; sourceTree = "<group>"; };
		A2771FC129828E33008A95E3 /* security.txt */ = {isa = PBXFileReference; fileEncoding = 4; lastKnownFileType = text; path = security.txt; sourceTree = "<group>"; };
		A2805CE124D1982400B5552E /* LocalNotification.m */ = {isa = PBXFileReference; lastKnownFileType = sourcecode.c.objc; path = LocalNotification.m; sourceTree = "<group>"; };
		A2805CE324D1984700B5552E /* LocalNotification.h */ = {isa = PBXFileReference; lastKnownFileType = sourcecode.c.h; path = LocalNotification.h; sourceTree = "<group>"; };
		A28BA8A5282409B600109CC8 /* SecurityProvider.m */ = {isa = PBXFileReference; lastKnownFileType = sourcecode.c.objc; path = SecurityProvider.m; sourceTree = "<group>"; };
		A28BA8A728240A4500109CC8 /* SecurityProvider.h */ = {isa = PBXFileReference; lastKnownFileType = sourcecode.c.h; path = SecurityProvider.h; sourceTree = "<group>"; };
		A2A9F31328858F45009AE778 /* BlurViewManager.m */ = {isa = PBXFileReference; lastKnownFileType = sourcecode.c.objc; path = BlurViewManager.m; sourceTree = "<group>"; };
		A2A9F31528858FA0009AE778 /* BlurViewManager.h */ = {isa = PBXFileReference; lastKnownFileType = sourcecode.c.h; path = BlurViewManager.h; sourceTree = "<group>"; };
		A2A9F31628859650009AE778 /* UIView+Blur.h */ = {isa = PBXFileReference; lastKnownFileType = sourcecode.c.h; path = "UIView+Blur.h"; sourceTree = "<group>"; };
		A2A9F3172885965C009AE778 /* UIView+Blur.m */ = {isa = PBXFileReference; lastKnownFileType = sourcecode.c.objc; path = "UIView+Blur.m"; sourceTree = "<group>"; };
		A2A9F31D28859AF4009AE778 /* BlurEffectWithAmount.m */ = {isa = PBXFileReference; lastKnownFileType = sourcecode.c.objc; path = BlurEffectWithAmount.m; sourceTree = "<group>"; };
		A2A9F31F28859B0B009AE778 /* BlurEffectWithAmount.h */ = {isa = PBXFileReference; lastKnownFileType = sourcecode.c.h; path = BlurEffectWithAmount.h; sourceTree = "<group>"; };
		A2A9F32128A12C4C009AE778 /* RNCWKProcessPoolManager.m */ = {isa = PBXFileReference; fileEncoding = 4; lastKnownFileType = sourcecode.c.objc; path = RNCWKProcessPoolManager.m; sourceTree = "<group>"; };
		A2A9F32228A12C4C009AE778 /* RNCWebViewManager.h */ = {isa = PBXFileReference; fileEncoding = 4; lastKnownFileType = sourcecode.c.h; path = RNCWebViewManager.h; sourceTree = "<group>"; };
		A2A9F32328A12C4C009AE778 /* RNCWebViewManager.m */ = {isa = PBXFileReference; fileEncoding = 4; lastKnownFileType = sourcecode.c.objc; path = RNCWebViewManager.m; sourceTree = "<group>"; };
		A2A9F32428A12C4C009AE778 /* RNCWebView.m */ = {isa = PBXFileReference; fileEncoding = 4; lastKnownFileType = sourcecode.c.objc; path = RNCWebView.m; sourceTree = "<group>"; };
		A2A9F32528A12C4C009AE778 /* RNCWKProcessPoolManager.h */ = {isa = PBXFileReference; fileEncoding = 4; lastKnownFileType = sourcecode.c.h; path = RNCWKProcessPoolManager.h; sourceTree = "<group>"; };
		A2A9F32628A12C4C009AE778 /* RNCWebView.h */ = {isa = PBXFileReference; fileEncoding = 4; lastKnownFileType = sourcecode.c.h; path = RNCWebView.h; sourceTree = "<group>"; };
		A2A9F32B28AA460D009AE778 /* VaultManager.m */ = {isa = PBXFileReference; fileEncoding = 4; lastKnownFileType = sourcecode.c.objc; path = VaultManager.m; sourceTree = "<group>"; };
		A2A9F32C28AA460D009AE778 /* VaultManager.h */ = {isa = PBXFileReference; fileEncoding = 4; lastKnownFileType = sourcecode.c.h; path = VaultManager.h; sourceTree = "<group>"; };
		A2AFF10A243E79C30007005E /* Proxima Nova Alt Thin.otf */ = {isa = PBXFileReference; lastKnownFileType = file; path = "Proxima Nova Alt Thin.otf"; sourceTree = "<group>"; };
		A2AFF10B243E79C30007005E /* UbuntuMono-BoldItalic.ttf */ = {isa = PBXFileReference; lastKnownFileType = file; path = "UbuntuMono-BoldItalic.ttf"; sourceTree = "<group>"; };
		A2AFF10C243E79C30007005E /* UbuntuMono-Bold.ttf */ = {isa = PBXFileReference; lastKnownFileType = file; path = "UbuntuMono-Bold.ttf"; sourceTree = "<group>"; };
		A2AFF10D243E79C30007005E /* Proxima Nova Alt Bold.otf */ = {isa = PBXFileReference; lastKnownFileType = file; path = "Proxima Nova Alt Bold.otf"; sourceTree = "<group>"; };
		A2AFF10E243E79C30007005E /* UbuntuMono-RegularItalic.ttf */ = {isa = PBXFileReference; lastKnownFileType = file; path = "UbuntuMono-RegularItalic.ttf"; sourceTree = "<group>"; };
		A2AFF10F243E79C30007005E /* Proxima Nova Extrabold.otf */ = {isa = PBXFileReference; lastKnownFileType = file; path = "Proxima Nova Extrabold.otf"; sourceTree = "<group>"; };
		A2AFF110243E79C30007005E /* Proxima Nova Alt Light.otf */ = {isa = PBXFileReference; lastKnownFileType = file; path = "Proxima Nova Alt Light.otf"; sourceTree = "<group>"; };
		A2AFF111243E79C30007005E /* UbuntuMono-Regular.ttf */ = {isa = PBXFileReference; lastKnownFileType = file; path = "UbuntuMono-Regular.ttf"; sourceTree = "<group>"; };
		A2AFF112243E79C30007005E /* Proxima Nova Black.otf */ = {isa = PBXFileReference; lastKnownFileType = file; path = "Proxima Nova Black.otf"; sourceTree = "<group>"; };
		A2AFF113243E79C30007005E /* Proxima Nova Bold.otf */ = {isa = PBXFileReference; lastKnownFileType = file; path = "Proxima Nova Bold.otf"; sourceTree = "<group>"; };
		A2AFF114243E79C30007005E /* ProximaNova-Regular.otf */ = {isa = PBXFileReference; lastKnownFileType = file; path = "ProximaNova-Regular.otf"; sourceTree = "<group>"; };
		A2AFF115243E79C30007005E /* Proxima Nova Thin.otf */ = {isa = PBXFileReference; lastKnownFileType = file; path = "Proxima Nova Thin.otf"; sourceTree = "<group>"; };
		A2AFF116243E79C30007005E /* GoogleService-Info.plist */ = {isa = PBXFileReference; fileEncoding = 4; lastKnownFileType = text.plist.xml; name = "GoogleService-Info.plist"; path = "Xaman/GoogleService-Info.plist"; sourceTree = "<group>"; };
		A2AFF119243E79C30007005E /* QRCode.m */ = {isa = PBXFileReference; fileEncoding = 4; lastKnownFileType = sourcecode.c.objc; path = QRCode.m; sourceTree = "<group>"; };
		A2AFF11A243E79C30007005E /* UIView+QRCode.m */ = {isa = PBXFileReference; fileEncoding = 4; lastKnownFileType = sourcecode.c.objc; path = "UIView+QRCode.m"; sourceTree = "<group>"; };
		A2AFF11B243E79C30007005E /* UIView+Toast.h */ = {isa = PBXFileReference; fileEncoding = 4; lastKnownFileType = sourcecode.c.h; path = "UIView+Toast.h"; sourceTree = "<group>"; };
		A2AFF11C243E79C30007005E /* Toast.m */ = {isa = PBXFileReference; fileEncoding = 4; lastKnownFileType = sourcecode.c.objc; path = Toast.m; sourceTree = "<group>"; };
		A2AFF11D243E79C30007005E /* QRCode.h */ = {isa = PBXFileReference; fileEncoding = 4; lastKnownFileType = sourcecode.c.h; path = QRCode.h; sourceTree = "<group>"; };
		A2AFF11E243E79C30007005E /* UIView+QRCode.h */ = {isa = PBXFileReference; fileEncoding = 4; lastKnownFileType = sourcecode.c.h; path = "UIView+QRCode.h"; sourceTree = "<group>"; };
		A2AFF11F243E79C30007005E /* Toast.h */ = {isa = PBXFileReference; fileEncoding = 4; lastKnownFileType = sourcecode.c.h; path = Toast.h; sourceTree = "<group>"; };
		A2AFF121243E79C30007005E /* NSString+Utils.h */ = {isa = PBXFileReference; fileEncoding = 4; lastKnownFileType = sourcecode.c.h; path = "NSString+Utils.h"; sourceTree = "<group>"; };
		A2AFF122243E79C30007005E /* CIColor+QRCode.h */ = {isa = PBXFileReference; fileEncoding = 4; lastKnownFileType = sourcecode.c.h; path = "CIColor+QRCode.h"; sourceTree = "<group>"; };
		A2AFF123243E79C30007005E /* QRCodeGenerator.m */ = {isa = PBXFileReference; fileEncoding = 4; lastKnownFileType = sourcecode.c.objc; path = QRCodeGenerator.m; sourceTree = "<group>"; };
		A2AFF124243E79C30007005E /* CIColor+QRCode.m */ = {isa = PBXFileReference; fileEncoding = 4; lastKnownFileType = sourcecode.c.objc; path = "CIColor+QRCode.m"; sourceTree = "<group>"; };
		A2AFF125243E79C30007005E /* NSString+Utils.m */ = {isa = PBXFileReference; fileEncoding = 4; lastKnownFileType = sourcecode.c.objc; path = "NSString+Utils.m"; sourceTree = "<group>"; };
		A2AFF126243E79C30007005E /* QRCodeGenerator.h */ = {isa = PBXFileReference; fileEncoding = 4; lastKnownFileType = sourcecode.c.h; path = QRCodeGenerator.h; sourceTree = "<group>"; };
		A2AFF127243E79C30007005E /* UIView+Toast.m */ = {isa = PBXFileReference; fileEncoding = 4; lastKnownFileType = sourcecode.c.objc; path = "UIView+Toast.m"; sourceTree = "<group>"; };
		A2AFF129243E79C30007005E /* Crypto.h */ = {isa = PBXFileReference; fileEncoding = 4; lastKnownFileType = sourcecode.c.h; path = Crypto.h; sourceTree = "<group>"; };
		A2AFF12A243E79C30007005E /* Crypto.m */ = {isa = PBXFileReference; fileEncoding = 4; lastKnownFileType = sourcecode.c.objc; path = Crypto.m; sourceTree = "<group>"; };
		A2AFF12C243E79C30007005E /* DeviceUtils.h */ = {isa = PBXFileReference; fileEncoding = 4; lastKnownFileType = sourcecode.c.h; path = DeviceUtils.h; sourceTree = "<group>"; };
		A2AFF12D243E79C30007005E /* DeviceUtils.m */ = {isa = PBXFileReference; fileEncoding = 4; lastKnownFileType = sourcecode.c.objc; path = DeviceUtils.m; sourceTree = "<group>"; };
		A2B145CA243E935F00E952B6 /* LaunchScreen.storyboard */ = {isa = PBXFileReference; lastKnownFileType = file.storyboard; path = LaunchScreen.storyboard; sourceTree = "<group>"; };
		A2B145CC243F734600E952B6 /* Xaman.entitlements */ = {isa = PBXFileReference; lastKnownFileType = text.plist.entitlements; name = Xaman.entitlements; path = Xaman/Xaman.entitlements; sourceTree = "<group>"; };
		A2B9D13C2449B83900259841 /* SharedPreferences.h */ = {isa = PBXFileReference; lastKnownFileType = sourcecode.c.h; path = SharedPreferences.h; sourceTree = "<group>"; };
		A2B9D13D2449B83C00259841 /* SharedPreferences.m */ = {isa = PBXFileReference; lastKnownFileType = sourcecode.c.objc; path = SharedPreferences.m; sourceTree = "<group>"; };
		A2D856BE28801643003717BC /* AppUtils.h */ = {isa = PBXFileReference; lastKnownFileType = sourcecode.c.h; path = AppUtils.h; sourceTree = "<group>"; };
		A2D856BF2880166A003717BC /* AppUtils.m */ = {isa = PBXFileReference; lastKnownFileType = sourcecode.c.objc; path = AppUtils.m; sourceTree = "<group>"; };
		A2D856C228802614003717BC /* HapticFeedback.h */ = {isa = PBXFileReference; lastKnownFileType = sourcecode.c.h; path = HapticFeedback.h; sourceTree = "<group>"; };
		A2D856C328802622003717BC /* HapticFeedback.m */ = {isa = PBXFileReference; lastKnownFileType = sourcecode.c.objc; path = HapticFeedback.m; sourceTree = "<group>"; };
		A2E436AA28EDAB470017BC6F /* PerformanceLogger.h */ = {isa = PBXFileReference; lastKnownFileType = sourcecode.c.h; path = PerformanceLogger.h; sourceTree = "<group>"; };
		A2ED1310252DC6FE002AFC09 /* InAppPurchase.h */ = {isa = PBXFileReference; lastKnownFileType = sourcecode.c.h; path = InAppPurchase.h; sourceTree = "<group>"; };
		A2ED1311252DC717002AFC09 /* InAppPurchase.m */ = {isa = PBXFileReference; lastKnownFileType = sourcecode.c.objc; path = InAppPurchase.m; sourceTree = "<group>"; };
		A2ED131B252F113A002AFC09 /* StoreKit.framework */ = {isa = PBXFileReference; lastKnownFileType = wrapper.framework; name = StoreKit.framework; path = System/Library/Frameworks/StoreKit.framework; sourceTree = SDKROOT; };
		A2F4F39328802A3700444302 /* UniqueIdProvider.h */ = {isa = PBXFileReference; lastKnownFileType = sourcecode.c.h; path = UniqueIdProvider.h; sourceTree = "<group>"; };
		A2F4F39428802A4600444302 /* UniqueIdProvider.m */ = {isa = PBXFileReference; lastKnownFileType = sourcecode.c.objc; path = UniqueIdProvider.m; sourceTree = "<group>"; };
		A2F4F396288168BC00444302 /* Clipboard.h */ = {isa = PBXFileReference; lastKnownFileType = sourcecode.c.h; path = Clipboard.h; sourceTree = "<group>"; };
		A2F4F397288168CB00444302 /* Clipboard.m */ = {isa = PBXFileReference; lastKnownFileType = sourcecode.c.objc; path = Clipboard.m; sourceTree = "<group>"; };
		B712F110E060129D749043CD /* Pods-Xaman.debug.xcconfig */ = {isa = PBXFileReference; includeInIndex = 1; lastKnownFileType = text.xcconfig; name = "Pods-Xaman.debug.xcconfig"; path = "Target Support Files/Pods-Xaman/Pods-Xaman.debug.xcconfig"; sourceTree = "<group>"; };
		BFD60F0C13BA576045833BA5 /* Pods_Xaman_XamanTests.framework */ = {isa = PBXFileReference; explicitFileType = wrapper.framework; includeInIndex = 0; path = Pods_Xaman_XamanTests.framework; sourceTree = BUILT_PRODUCTS_DIR; };
		CA7812F0C935F7652256C087 /* Pods-Xaman-XamanTests.debug.xcconfig */ = {isa = PBXFileReference; includeInIndex = 1; lastKnownFileType = text.xcconfig; name = "Pods-Xaman-XamanTests.debug.xcconfig"; path = "Target Support Files/Pods-Xaman-XamanTests/Pods-Xaman-XamanTests.debug.xcconfig"; sourceTree = "<group>"; };
		ED297162215061F000B7C4FE /* JavaScriptCore.framework */ = {isa = PBXFileReference; lastKnownFileType = wrapper.framework; name = JavaScriptCore.framework; path = System/Library/Frameworks/JavaScriptCore.framework; sourceTree = SDKROOT; };
		ED2971642150620600B7C4FE /* JavaScriptCore.framework */ = {isa = PBXFileReference; lastKnownFileType = wrapper.framework; name = JavaScriptCore.framework; path = Platforms/AppleTVOS.platform/Developer/SDKs/AppleTVOS12.0.sdk/System/Library/Frameworks/JavaScriptCore.framework; sourceTree = DEVELOPER_DIR; };
		F35B10B5380FF4BC3DA7B7F5 /* Pods-Xaman.release.xcconfig */ = {isa = PBXFileReference; includeInIndex = 1; lastKnownFileType = text.xcconfig; name = "Pods-Xaman.release.xcconfig"; path = "Target Support Files/Pods-Xaman/Pods-Xaman.release.xcconfig"; sourceTree = "<group>"; };
/* End PBXFileReference section */

/* Begin PBXFrameworksBuildPhase section */
		00E356EB1AD99517003FC87E /* Frameworks */ = {
			isa = PBXFrameworksBuildPhase;
			buildActionMask = 2147483647;
			files = (
				4E76AF7D78F0343A996A8CCE /* Pods_Xaman_XamanTests.framework in Frameworks */,
			);
			runOnlyForDeploymentPostprocessing = 0;
		};
		13B07F8C1A680F5B00A75B9A /* Frameworks */ = {
			isa = PBXFrameworksBuildPhase;
			buildActionMask = 2147483647;
			files = (
				A2ED131C252F113A002AFC09 /* StoreKit.framework in Frameworks */,
				9F2B8C19DDAA855ECD2EF1A2 /* Pods_Xaman.framework in Frameworks */,
			);
			runOnlyForDeploymentPostprocessing = 0;
		};
/* End PBXFrameworksBuildPhase section */

/* Begin PBXGroup section */
		00E356EF1AD99517003FC87E /* XamanTests */ = {
			isa = PBXGroup;
			children = (
				A21FD5D728EDA7C400030EF0 /* extentions */,
				00E356F01AD99517003FC87E /* Supporting Files */,
				A2021F6928E591F300506772 /* CryptoTest.swift */,
				A2021F6828E591F300506772 /* XamanTests-Bridging-Header.h */,
				A2021F7428E5C53000506772 /* CipherTest.m */,
				A2021F7628E6DF9700506772 /* VaultMangerTest.m */,
			);
			path = XamanTests;
			sourceTree = "<group>";
		};
		00E356F01AD99517003FC87E /* Supporting Files */ = {
			isa = PBXGroup;
			children = (
				00E356F11AD99517003FC87E /* Info.plist */,
			);
			name = "Supporting Files";
			sourceTree = "<group>";
		};
		13B07FAE1A68108700A75B9A /* Xaman */ = {
			isa = PBXGroup;
			children = (
				A2771FC129828E33008A95E3 /* security.txt */,
				A2B145CC243F734600E952B6 /* Xaman.entitlements */,
				A2AFF109243E79C30007005E /* Fonts */,
				A2AFF116243E79C30007005E /* GoogleService-Info.plist */,
				A2AFF117243E79C30007005E /* Libs */,
				008F07F21AC5B25A0029DE68 /* main.jsbundle */,
				13B07FAF1A68108700A75B9A /* AppDelegate.h */,
				13B07FB01A68108700A75B9A /* AppDelegate.m */,
				13B07FB51A68108700A75B9A /* Images.xcassets */,
				A2B145CA243E935F00E952B6 /* LaunchScreen.storyboard */,
				13B07FB61A68108700A75B9A /* Info.plist */,
				13B07FB71A68108700A75B9A /* main.m */,
				A20B9292256FCE670066FECA /* Empty.swift */,
				A20B9291256FCE670066FECA /* Xaman-Bridging-Header.h */,
			);
			name = Xaman;
			sourceTree = "<group>";
		};
		2D16E6871FA4F8E400B85C8A /* Frameworks */ = {
			isa = PBXGroup;
			children = (
				A2ED131B252F113A002AFC09 /* StoreKit.framework */,
				ED297162215061F000B7C4FE /* JavaScriptCore.framework */,
				ED2971642150620600B7C4FE /* JavaScriptCore.framework */,
				0C137C8E9CDF0648A92B4C5D /* Pods_Xaman.framework */,
				BFD60F0C13BA576045833BA5 /* Pods_Xaman_XamanTests.framework */,
			);
			name = Frameworks;
			sourceTree = "<group>";
		};
		832341AE1AAA6A7D00B99B32 /* Libraries */ = {
			isa = PBXGroup;
			children = (
			);
			name = Libraries;
			sourceTree = "<group>";
		};
		83CBB9F61A601CBA00E9B192 = {
			isa = PBXGroup;
			children = (
				13B07FAE1A68108700A75B9A /* Xaman */,
				832341AE1AAA6A7D00B99B32 /* Libraries */,
				00E356EF1AD99517003FC87E /* XamanTests */,
				83CBBA001A601CBA00E9B192 /* Products */,
				2D16E6871FA4F8E400B85C8A /* Frameworks */,
				ED14F17356ED5A81E9920E69 /* Pods */,
			);
			indentWidth = 2;
			sourceTree = "<group>";
			tabWidth = 2;
			usesTabs = 0;
		};
		83CBBA001A601CBA00E9B192 /* Products */ = {
			isa = PBXGroup;
			children = (
				13B07F961A680F5B00A75B9A /* Xaman.app */,
				00E356EE1AD99517003FC87E /* XamanTests.xctest */,
			);
			name = Products;
			sourceTree = "<group>";
		};
		A21FD5D728EDA7C400030EF0 /* extentions */ = {
			isa = PBXGroup;
			children = (
				A21FD5D828EDA7D900030EF0 /* PerformanceLogger.m */,
				A2E436AA28EDAB470017BC6F /* PerformanceLogger.h */,
			);
			name = extentions;
			sourceTree = "<group>";
		};
		A22A151428BF8927001A632E /* Storage */ = {
			isa = PBXGroup;
			children = (
				A22A151628C0AAAF001A632E /* Keychain.h */,
				A22A151528C0AAAF001A632E /* Keychain.m */,
			);
			path = Storage;
			sourceTree = "<group>";
		};
		A248635B28229347004633C9 /* Authentication */ = {
			isa = PBXGroup;
			children = (
				A28BA8A42824098F00109CC8 /* Biometric */,
			);
			path = Authentication;
			sourceTree = "<group>";
		};
		A266857724EEAD42000430B7 /* Notification */ = {
			isa = PBXGroup;
			children = (
				A2805CE124D1982400B5552E /* LocalNotification.m */,
				A2805CE324D1984700B5552E /* LocalNotification.h */,
			);
			path = Notification;
			sourceTree = "<group>";
		};
		A28BA8A42824098F00109CC8 /* Biometric */ = {
			isa = PBXGroup;
			children = (
				A248635C28229379004633C9 /* BiometricModule.m */,
				A248635E2822939E004633C9 /* BiometricModule.h */,
				A28BA8A5282409B600109CC8 /* SecurityProvider.m */,
				A28BA8A728240A4500109CC8 /* SecurityProvider.h */,
			);
			path = Biometric;
			sourceTree = "<group>";
		};
		A2A9F31928859A3F009AE778 /* QRCodeView */ = {
			isa = PBXGroup;
			children = (
				A2AFF11E243E79C30007005E /* UIView+QRCode.h */,
				A2AFF119243E79C30007005E /* QRCode.m */,
				A2AFF11A243E79C30007005E /* UIView+QRCode.m */,
				A2AFF11D243E79C30007005E /* QRCode.h */,
				A2AFF120243E79C30007005E /* QRCodeGenerator */,
			);
			path = QRCodeView;
			sourceTree = "<group>";
		};
		A2A9F31A28859A6B009AE778 /* ToastView */ = {
			isa = PBXGroup;
			children = (
				A2AFF11B243E79C30007005E /* UIView+Toast.h */,
				A2AFF11C243E79C30007005E /* Toast.m */,
				A2AFF11F243E79C30007005E /* Toast.h */,
				A2AFF127243E79C30007005E /* UIView+Toast.m */,
			);
			path = ToastView;
			sourceTree = "<group>";
		};
		A2A9F31B28859A98009AE778 /* BlurView */ = {
			isa = PBXGroup;
			children = (
				A2A9F31328858F45009AE778 /* BlurViewManager.m */,
				A2A9F31528858FA0009AE778 /* BlurViewManager.h */,
				A2A9F31628859650009AE778 /* UIView+Blur.h */,
				A2A9F3172885965C009AE778 /* UIView+Blur.m */,
				A2A9F31D28859AF4009AE778 /* BlurEffectWithAmount.m */,
				A2A9F31F28859B0B009AE778 /* BlurEffectWithAmount.h */,
			);
			path = BlurView;
			sourceTree = "<group>";
		};
		A2A9F31C28859AB0009AE778 /* HapticFeedback */ = {
			isa = PBXGroup;
			children = (
				A2D856C228802614003717BC /* HapticFeedback.h */,
				A2D856C328802622003717BC /* HapticFeedback.m */,
			);
			path = HapticFeedback;
			sourceTree = "<group>";
		};
		A2A9F32028A12C03009AE778 /* Webview */ = {
			isa = PBXGroup;
			children = (
				A2A9F32628A12C4C009AE778 /* RNCWebView.h */,
				A2A9F32428A12C4C009AE778 /* RNCWebView.m */,
				A2A9F32228A12C4C009AE778 /* RNCWebViewManager.h */,
				A2A9F32328A12C4C009AE778 /* RNCWebViewManager.m */,
				A2A9F32528A12C4C009AE778 /* RNCWKProcessPoolManager.h */,
				A2A9F32128A12C4C009AE778 /* RNCWKProcessPoolManager.m */,
			);
			path = Webview;
			sourceTree = "<group>";
		};
		A2A9F32A28A53626009AE778 /* Vault */ = {
			isa = PBXGroup;
			children = (
				A22A151428BF8927001A632E /* Storage */,
				A2A9F32E28AD15DE009AE778 /* Cipher */,
				A2A9F32C28AA460D009AE778 /* VaultManager.h */,
				A2A9F32B28AA460D009AE778 /* VaultManager.m */,
			);
			path = Vault;
			sourceTree = "<group>";
		};
		A2A9F32E28AD15DE009AE778 /* Cipher */ = {
			isa = PBXGroup;
			children = (
				A22A151C28C20014001A632E /* V2+AesGcm.h */,
				A22A151D28C20014001A632E /* V2+AesGcm.m */,
				A22A151228BF7F9F001A632E /* V1+AesCbc.h */,
				A22A151128BF7F9F001A632E /* V1+AesCbc.m */,
				A22A151828C0BEB9001A632E /* Cipher.h */,
				A22A151928C0BECA001A632E /* Cipher.m */,
			);
			path = Cipher;
			sourceTree = "<group>";
		};
		A2AFF109243E79C30007005E /* Fonts */ = {
			isa = PBXGroup;
			children = (
				A2AFF10A243E79C30007005E /* Proxima Nova Alt Thin.otf */,
				A2AFF10B243E79C30007005E /* UbuntuMono-BoldItalic.ttf */,
				A2AFF10C243E79C30007005E /* UbuntuMono-Bold.ttf */,
				A2AFF10D243E79C30007005E /* Proxima Nova Alt Bold.otf */,
				A2AFF10E243E79C30007005E /* UbuntuMono-RegularItalic.ttf */,
				A2AFF10F243E79C30007005E /* Proxima Nova Extrabold.otf */,
				A2AFF110243E79C30007005E /* Proxima Nova Alt Light.otf */,
				A2AFF111243E79C30007005E /* UbuntuMono-Regular.ttf */,
				A2AFF112243E79C30007005E /* Proxima Nova Black.otf */,
				A2AFF113243E79C30007005E /* Proxima Nova Bold.otf */,
				A2AFF114243E79C30007005E /* ProximaNova-Regular.otf */,
				A2AFF115243E79C30007005E /* Proxima Nova Thin.otf */,
			);
			name = Fonts;
			path = Xaman/Fonts;
			sourceTree = "<group>";
		};
		A2AFF117243E79C30007005E /* Libs */ = {
			isa = PBXGroup;
			children = (
				A2A9F32028A12C03009AE778 /* Webview */,
				A2F4F390288029BD00444302 /* Security */,
				A266857724EEAD42000430B7 /* Notification */,
				A2B9D13B2449B81800259841 /* Common */,
				A2AFF118243E79C30007005E /* UI */,
				A2AFF12B243E79C30007005E /* Utils */,
			);
			name = Libs;
			path = Xaman/Libs;
			sourceTree = "<group>";
		};
		A2AFF118243E79C30007005E /* UI */ = {
			isa = PBXGroup;
			children = (
				A2A9F31C28859AB0009AE778 /* HapticFeedback */,
				A2A9F31B28859A98009AE778 /* BlurView */,
				A2A9F31A28859A6B009AE778 /* ToastView */,
				A2A9F31928859A3F009AE778 /* QRCodeView */,
			);
			path = UI;
			sourceTree = "<group>";
		};
		A2AFF120243E79C30007005E /* QRCodeGenerator */ = {
			isa = PBXGroup;
			children = (
				A2AFF121243E79C30007005E /* NSString+Utils.h */,
				A2AFF122243E79C30007005E /* CIColor+QRCode.h */,
				A2AFF123243E79C30007005E /* QRCodeGenerator.m */,
				A2AFF124243E79C30007005E /* CIColor+QRCode.m */,
				A2AFF125243E79C30007005E /* NSString+Utils.m */,
				A2AFF126243E79C30007005E /* QRCodeGenerator.h */,
			);
			path = QRCodeGenerator;
			sourceTree = "<group>";
		};
		A2AFF128243E79C30007005E /* Crypto */ = {
			isa = PBXGroup;
			children = (
				A2AFF129243E79C30007005E /* Crypto.h */,
				A2AFF12A243E79C30007005E /* Crypto.m */,
				A22A151F28C61E97001A632E /* Crypto.swift */,
			);
			path = Crypto;
			sourceTree = "<group>";
		};
		A2AFF12B243E79C30007005E /* Utils */ = {
			isa = PBXGroup;
			children = (
				A2AFF12C243E79C30007005E /* DeviceUtils.h */,
				A2AFF12D243E79C30007005E /* DeviceUtils.m */,
				A2D856BE28801643003717BC /* AppUtils.h */,
				A2D856BF2880166A003717BC /* AppUtils.m */,
			);
			path = Utils;
			sourceTree = "<group>";
		};
		A2B9D13B2449B81800259841 /* Common */ = {
			isa = PBXGroup;
			children = (
				A2ED1311252DC717002AFC09 /* InAppPurchase.m */,
				A2ED1310252DC6FE002AFC09 /* InAppPurchase.h */,
				A20C141E2524C8A000686A2A /* AppUpdate.h */,
				A20C141F2524C8A000686A2A /* AppUpdate.m */,
				A2B9D13D2449B83C00259841 /* SharedPreferences.m */,
				A2B9D13C2449B83900259841 /* SharedPreferences.h */,
				A2F4F396288168BC00444302 /* Clipboard.h */,
				A2F4F397288168CB00444302 /* Clipboard.m */,
			);
			path = Common;
			sourceTree = "<group>";
		};
		A2F4F390288029BD00444302 /* Security */ = {
			isa = PBXGroup;
			children = (
				A2A9F32A28A53626009AE778 /* Vault */,
				A2AFF128243E79C30007005E /* Crypto */,
				A2F4F391288029DE00444302 /* Providers */,
				A248635B28229347004633C9 /* Authentication */,
			);
			path = Security;
			sourceTree = "<group>";
		};
		A2F4F391288029DE00444302 /* Providers */ = {
			isa = PBXGroup;
			children = (
				A2F4F39328802A3700444302 /* UniqueIdProvider.h */,
				A2F4F39428802A4600444302 /* UniqueIdProvider.m */,
			);
			path = Providers;
			sourceTree = "<group>";
		};
		ED14F17356ED5A81E9920E69 /* Pods */ = {
			isa = PBXGroup;
			children = (
				B712F110E060129D749043CD /* Pods-Xaman.debug.xcconfig */,
				F35B10B5380FF4BC3DA7B7F5 /* Pods-Xaman.release.xcconfig */,
				CA7812F0C935F7652256C087 /* Pods-Xaman-XamanTests.debug.xcconfig */,
				04A66EC2DDF90CD814AAB046 /* Pods-Xaman-XamanTests.release.xcconfig */,
			);
			path = Pods;
			sourceTree = "<group>";
		};
/* End PBXGroup section */

/* Begin PBXNativeTarget section */
		00E356ED1AD99517003FC87E /* XamanTests */ = {
			isa = PBXNativeTarget;
			buildConfigurationList = 00E357021AD99517003FC87E /* Build configuration list for PBXNativeTarget "XamanTests" */;
			buildPhases = (
				E9D62753F665C0D1637F6639 /* [CP] Check Pods Manifest.lock */,
				00E356EA1AD99517003FC87E /* Sources */,
				00E356EB1AD99517003FC87E /* Frameworks */,
				00E356EC1AD99517003FC87E /* Resources */,
				A99C0DF7F151CC945907E657 /* [CP] Embed Pods Frameworks */,
				C5A6EC0D8FB7BBFAFA426E7A /* [CP] Copy Pods Resources */,
			);
			buildRules = (
			);
			dependencies = (
				00E356F51AD99517003FC87E /* PBXTargetDependency */,
			);
			name = XamanTests;
			productName = XUMMTests;
			productReference = 00E356EE1AD99517003FC87E /* XamanTests.xctest */;
			productType = "com.apple.product-type.bundle.unit-test";
		};
		13B07F861A680F5B00A75B9A /* Xaman */ = {
			isa = PBXNativeTarget;
			buildConfigurationList = 13B07F931A680F5B00A75B9A /* Build configuration list for PBXNativeTarget "Xaman" */;
			buildPhases = (
				A3F03C47283A8EFCD65408F9 /* [CP] Check Pods Manifest.lock */,
				FD10A7F022414F080027D42C /* Start Packager */,
				13B07F871A680F5B00A75B9A /* Sources */,
				13B07F8C1A680F5B00A75B9A /* Frameworks */,
				13B07F8E1A680F5B00A75B9A /* Resources */,
				00DD1BFF1BD5951E006B06BC /* Bundle React Native code and images */,
				A275AAF3297057150055DFD6 /* ShellScript */,
				F6C165A363F1EDD2BC963F73 /* [CP] Embed Pods Frameworks */,
				8030B10F1904690935898C47 /* [CP] Copy Pods Resources */,
				590E29A235634955291A8083 /* [CP-User] [RNFB] Core Configuration */,
				68E666D63B2C268BFFA9D1D9 /* [CP-User] [RNFB] Crashlytics Configuration */,
			);
			buildRules = (
			);
			dependencies = (
			);
			name = Xaman;
			productName = XUMM;
			productReference = 13B07F961A680F5B00A75B9A /* Xaman.app */;
			productType = "com.apple.product-type.application";
		};
/* End PBXNativeTarget section */

/* Begin PBXProject section */
		83CBB9F71A601CBA00E9B192 /* Project object */ = {
			isa = PBXProject;
			attributes = {
				LastUpgradeCheck = 1130;
				TargetAttributes = {
					00E356ED1AD99517003FC87E = {
						CreatedOnToolsVersion = 6.2;
						LastSwiftMigration = 1340;
						TestTargetID = 13B07F861A680F5B00A75B9A;
					};
					13B07F861A680F5B00A75B9A = {
						DevelopmentTeam = LK5BBJNJZ6;
						LastSwiftMigration = 1220;
						ProvisioningStyle = Automatic;
					};
				};
			};
			buildConfigurationList = 83CBB9FA1A601CBA00E9B192 /* Build configuration list for PBXProject "Xaman" */;
			compatibilityVersion = "Xcode 3.2";
			developmentRegion = en;
			hasScannedForEncodings = 0;
			knownRegions = (
				en,
				Base,
			);
			mainGroup = 83CBB9F61A601CBA00E9B192;
			productRefGroup = 83CBBA001A601CBA00E9B192 /* Products */;
			projectDirPath = "";
			projectRoot = "";
			targets = (
				13B07F861A680F5B00A75B9A /* Xaman */,
				00E356ED1AD99517003FC87E /* XamanTests */,
			);
		};
/* End PBXProject section */

/* Begin PBXResourcesBuildPhase section */
		00E356EC1AD99517003FC87E /* Resources */ = {
			isa = PBXResourcesBuildPhase;
			buildActionMask = 2147483647;
			files = (
			);
			runOnlyForDeploymentPostprocessing = 0;
		};
		13B07F8E1A680F5B00A75B9A /* Resources */ = {
			isa = PBXResourcesBuildPhase;
			buildActionMask = 2147483647;
			files = (
				A2AFF12E243E79C30007005E /* Proxima Nova Alt Thin.otf in Resources */,
				A2AFF132243E79C30007005E /* UbuntuMono-RegularItalic.ttf in Resources */,
				A2771FC229828E33008A95E3 /* security.txt in Resources */,
				A2AFF13A243E79C30007005E /* GoogleService-Info.plist in Resources */,
				A2B145CB243E935F00E952B6 /* LaunchScreen.storyboard in Resources */,
				A2AFF133243E79C30007005E /* Proxima Nova Extrabold.otf in Resources */,
				A2AFF12F243E79C30007005E /* UbuntuMono-BoldItalic.ttf in Resources */,
				A2AFF131243E79C30007005E /* Proxima Nova Alt Bold.otf in Resources */,
				A2AFF136243E79C30007005E /* Proxima Nova Black.otf in Resources */,
				A2AFF130243E79C30007005E /* UbuntuMono-Bold.ttf in Resources */,
				13B07FBF1A68108700A75B9A /* Images.xcassets in Resources */,
				A2AFF137243E79C30007005E /* Proxima Nova Bold.otf in Resources */,
				A2AFF134243E79C30007005E /* Proxima Nova Alt Light.otf in Resources */,
				A2AFF138243E79C30007005E /* ProximaNova-Regular.otf in Resources */,
				A2AFF135243E79C30007005E /* UbuntuMono-Regular.ttf in Resources */,
				A2AFF139243E79C30007005E /* Proxima Nova Thin.otf in Resources */,
			);
			runOnlyForDeploymentPostprocessing = 0;
		};
/* End PBXResourcesBuildPhase section */

/* Begin PBXShellScriptBuildPhase section */
		00DD1BFF1BD5951E006B06BC /* Bundle React Native code and images */ = {
			isa = PBXShellScriptBuildPhase;
			buildActionMask = 12;
			files = (
			);
			inputPaths = (
			);
			name = "Bundle React Native code and images";
			outputPaths = (
			);
			runOnlyForDeploymentPostprocessing = 0;
			shellPath = /bin/sh;
			shellScript = "set -e\n\nWITH_ENVIRONMENT=\"../node_modules/react-native/scripts/xcode/with-environment.sh\"\nREACT_NATIVE_XCODE=\"../node_modules/react-native/scripts/react-native-xcode.sh\"\n\n/bin/sh -c \"$WITH_ENVIRONMENT $REACT_NATIVE_XCODE\"\n";
		};
		590E29A235634955291A8083 /* [CP-User] [RNFB] Core Configuration */ = {
			isa = PBXShellScriptBuildPhase;
			buildActionMask = 2147483647;
			files = (
			);
			inputPaths = (
				"$(BUILT_PRODUCTS_DIR)/$(INFOPLIST_PATH)",
			);
			name = "[CP-User] [RNFB] Core Configuration";
			runOnlyForDeploymentPostprocessing = 0;
			shellPath = /bin/sh;
			shellScript = "#!/usr/bin/env bash\n#\n# Copyright (c) 2016-present Invertase Limited & Contributors\n#\n# Licensed under the Apache License, Version 2.0 (the \"License\");\n# you may not use this library except in compliance with the License.\n# You may obtain a copy of the License at\n#\n#   http://www.apache.org/licenses/LICENSE-2.0\n#\n# Unless required by applicable law or agreed to in writing, software\n# distributed under the License is distributed on an \"AS IS\" BASIS,\n# WITHOUT WARRANTIES OR CONDITIONS OF ANY KIND, either express or implied.\n# See the License for the specific language governing permissions and\n# limitations under the License.\n#\nset -e\n\n_MAX_LOOKUPS=2;\n_SEARCH_RESULT=''\n_RN_ROOT_EXISTS=''\n_CURRENT_LOOKUPS=1\n_JSON_ROOT=\"'react-native'\"\n_JSON_FILE_NAME='firebase.json'\n_JSON_OUTPUT_BASE64='e30=' # { }\n_CURRENT_SEARCH_DIR=${PROJECT_DIR}\n_PLIST_BUDDY=/usr/libexec/PlistBuddy\n_TARGET_PLIST=\"${BUILT_PRODUCTS_DIR}/${INFOPLIST_PATH}\"\n_DSYM_PLIST=\"${DWARF_DSYM_FOLDER_PATH}/${DWARF_DSYM_FILE_NAME}/Contents/Info.plist\"\n\n# plist arrays\n_PLIST_ENTRY_KEYS=()\n_PLIST_ENTRY_TYPES=()\n_PLIST_ENTRY_VALUES=()\n\nfunction setPlistValue {\n  echo \"info:      setting plist entry '$1' of type '$2' in file '$4'\"\n  ${_PLIST_BUDDY} -c \"Add :$1 $2 '$3'\" $4 || echo \"info:      '$1' already exists\"\n}\n\nfunction getFirebaseJsonKeyValue () {\n  if [[ ${_RN_ROOT_EXISTS} ]]; then\n    ruby -Ku -e \"require 'rubygems';require 'json'; output=JSON.parse('$1'); puts output[$_JSON_ROOT]['$2']\"\n  else\n    echo \"\"\n  fi;\n}\n\nfunction jsonBoolToYesNo () {\n  if [[ $1 == \"false\" ]]; then\n    echo \"NO\"\n  elif [[ $1 == \"true\" ]]; then\n    echo \"YES\"\n  else echo \"NO\"\n  fi\n}\n\necho \"info: -> RNFB build script started\"\necho \"info: 1) Locating ${_JSON_FILE_NAME} file:\"\n\nif [[ -z ${_CURRENT_SEARCH_DIR} ]]; then\n  _CURRENT_SEARCH_DIR=$(pwd)\nfi;\n\nwhile true; do\n  _CURRENT_SEARCH_DIR=$(dirname \"$_CURRENT_SEARCH_DIR\")\n  if [[ \"$_CURRENT_SEARCH_DIR\" == \"/\" ]] || [[ ${_CURRENT_LOOKUPS} -gt ${_MAX_LOOKUPS} ]]; then break; fi;\n  echo \"info:      ($_CURRENT_LOOKUPS of $_MAX_LOOKUPS) Searching in '$_CURRENT_SEARCH_DIR' for a ${_JSON_FILE_NAME} file.\"\n  _SEARCH_RESULT=$(find \"$_CURRENT_SEARCH_DIR\" -maxdepth 2 -name ${_JSON_FILE_NAME} -print | /usr/bin/head -n 1)\n  if [[ ${_SEARCH_RESULT} ]]; then\n    echo \"info:      ${_JSON_FILE_NAME} found at $_SEARCH_RESULT\"\n    break;\n  fi;\n  _CURRENT_LOOKUPS=$((_CURRENT_LOOKUPS+1))\ndone\n\nif [[ ${_SEARCH_RESULT} ]]; then\n  _JSON_OUTPUT_RAW=$(cat \"${_SEARCH_RESULT}\")\n  _RN_ROOT_EXISTS=$(ruby -Ku -e \"require 'rubygems';require 'json'; output=JSON.parse('$_JSON_OUTPUT_RAW'); puts output[$_JSON_ROOT]\" || echo '')\n\n  if [[ ${_RN_ROOT_EXISTS} ]]; then\n    if ! python3 --version >/dev/null 2>&1; then echo \"python3 not found, firebase.json file processing error.\" && exit 1; fi\n    _JSON_OUTPUT_BASE64=$(python3 -c 'import json,sys,base64;print(base64.b64encode(bytes(json.dumps(json.loads(open('\"'${_SEARCH_RESULT}'\"', '\"'rb'\"').read())['${_JSON_ROOT}']), '\"'utf-8'\"')).decode())' || echo \"e30=\")\n  fi\n\n  _PLIST_ENTRY_KEYS+=(\"firebase_json_raw\")\n  _PLIST_ENTRY_TYPES+=(\"string\")\n  _PLIST_ENTRY_VALUES+=(\"$_JSON_OUTPUT_BASE64\")\n\n  # config.app_data_collection_default_enabled\n  _APP_DATA_COLLECTION_ENABLED=$(getFirebaseJsonKeyValue \"$_JSON_OUTPUT_RAW\" \"app_data_collection_default_enabled\")\n  if [[ $_APP_DATA_COLLECTION_ENABLED ]]; then\n    _PLIST_ENTRY_KEYS+=(\"FirebaseDataCollectionDefaultEnabled\")\n    _PLIST_ENTRY_TYPES+=(\"bool\")\n    _PLIST_ENTRY_VALUES+=(\"$(jsonBoolToYesNo \"$_APP_DATA_COLLECTION_ENABLED\")\")\n  fi\n\n  # config.analytics_auto_collection_enabled\n  _ANALYTICS_AUTO_COLLECTION=$(getFirebaseJsonKeyValue \"$_JSON_OUTPUT_RAW\" \"analytics_auto_collection_enabled\")\n  if [[ $_ANALYTICS_AUTO_COLLECTION ]]; then\n    _PLIST_ENTRY_KEYS+=(\"FIREBASE_ANALYTICS_COLLECTION_ENABLED\")\n    _PLIST_ENTRY_TYPES+=(\"bool\")\n    _PLIST_ENTRY_VALUES+=(\"$(jsonBoolToYesNo \"$_ANALYTICS_AUTO_COLLECTION\")\")\n  fi\n\n  # config.analytics_collection_deactivated\n  _ANALYTICS_DEACTIVATED=$(getFirebaseJsonKeyValue \"$_JSON_OUTPUT_RAW\" \"analytics_collection_deactivated\")\n  if [[ $_ANALYTICS_DEACTIVATED ]]; then\n    _PLIST_ENTRY_KEYS+=(\"FIREBASE_ANALYTICS_COLLECTION_DEACTIVATED\")\n    _PLIST_ENTRY_TYPES+=(\"bool\")\n    _PLIST_ENTRY_VALUES+=(\"$(jsonBoolToYesNo \"$_ANALYTICS_DEACTIVATED\")\")\n  fi\n\n  # config.analytics_idfv_collection_enabled\n  _ANALYTICS_IDFV_COLLECTION=$(getFirebaseJsonKeyValue \"$_JSON_OUTPUT_RAW\" \"analytics_idfv_collection_enabled\")\n  if [[ $_ANALYTICS_IDFV_COLLECTION ]]; then\n    _PLIST_ENTRY_KEYS+=(\"GOOGLE_ANALYTICS_IDFV_COLLECTION_ENABLED\")\n    _PLIST_ENTRY_TYPES+=(\"bool\")\n    _PLIST_ENTRY_VALUES+=(\"$(jsonBoolToYesNo \"$_ANALYTICS_IDFV_COLLECTION\")\")\n  fi\n\n  # config.analytics_default_allow_ad_personalization_signals\n  _ANALYTICS_PERSONALIZATION=$(getFirebaseJsonKeyValue \"$_JSON_OUTPUT_RAW\" \"analytics_default_allow_ad_personalization_signals\")\n  if [[ $_ANALYTICS_PERSONALIZATION ]]; then\n    _PLIST_ENTRY_KEYS+=(\"GOOGLE_ANALYTICS_DEFAULT_ALLOW_AD_PERSONALIZATION_SIGNALS\")\n    _PLIST_ENTRY_TYPES+=(\"bool\")\n    _PLIST_ENTRY_VALUES+=(\"$(jsonBoolToYesNo \"$_ANALYTICS_PERSONALIZATION\")\")\n  fi\n\n  # config.analytics_registration_with_ad_network_enabled\n  _ANALYTICS_REGISTRATION_WITH_AD_NETWORK=$(getFirebaseJsonKeyValue \"$_JSON_OUTPUT_RAW\" \"google_analytics_registration_with_ad_network_enabled\")\n  if [[ $_ANALYTICS_REGISTRATION_WITH_AD_NETWORK ]]; then\n    _PLIST_ENTRY_KEYS+=(\"GOOGLE_ANALYTICS_REGISTRATION_WITH_AD_NETWORK_ENABLED\")\n    _PLIST_ENTRY_TYPES+=(\"bool\")\n    _PLIST_ENTRY_VALUES+=(\"$(jsonBoolToYesNo \"$_ANALYTICS_REGISTRATION_WITH_AD_NETWORK\")\")\n  fi\n\n  # config.google_analytics_automatic_screen_reporting_enabled\n  _ANALYTICS_AUTO_SCREEN_REPORTING=$(getFirebaseJsonKeyValue \"$_JSON_OUTPUT_RAW\" \"google_analytics_automatic_screen_reporting_enabled\")\n  if [[ $_ANALYTICS_AUTO_SCREEN_REPORTING ]]; then\n    _PLIST_ENTRY_KEYS+=(\"FirebaseAutomaticScreenReportingEnabled\")\n    _PLIST_ENTRY_TYPES+=(\"bool\")\n    _PLIST_ENTRY_VALUES+=(\"$(jsonBoolToYesNo \"$_ANALYTICS_AUTO_SCREEN_REPORTING\")\")\n  fi\n\n  # config.perf_auto_collection_enabled\n  _PERF_AUTO_COLLECTION=$(getFirebaseJsonKeyValue \"$_JSON_OUTPUT_RAW\" \"perf_auto_collection_enabled\")\n  if [[ $_PERF_AUTO_COLLECTION ]]; then\n    _PLIST_ENTRY_KEYS+=(\"firebase_performance_collection_enabled\")\n    _PLIST_ENTRY_TYPES+=(\"bool\")\n    _PLIST_ENTRY_VALUES+=(\"$(jsonBoolToYesNo \"$_PERF_AUTO_COLLECTION\")\")\n  fi\n\n  # config.perf_collection_deactivated\n  _PERF_DEACTIVATED=$(getFirebaseJsonKeyValue \"$_JSON_OUTPUT_RAW\" \"perf_collection_deactivated\")\n  if [[ $_PERF_DEACTIVATED ]]; then\n    _PLIST_ENTRY_KEYS+=(\"firebase_performance_collection_deactivated\")\n    _PLIST_ENTRY_TYPES+=(\"bool\")\n    _PLIST_ENTRY_VALUES+=(\"$(jsonBoolToYesNo \"$_PERF_DEACTIVATED\")\")\n  fi\n\n  # config.messaging_auto_init_enabled\n  _MESSAGING_AUTO_INIT=$(getFirebaseJsonKeyValue \"$_JSON_OUTPUT_RAW\" \"messaging_auto_init_enabled\")\n  if [[ $_MESSAGING_AUTO_INIT ]]; then\n    _PLIST_ENTRY_KEYS+=(\"FirebaseMessagingAutoInitEnabled\")\n    _PLIST_ENTRY_TYPES+=(\"bool\")\n    _PLIST_ENTRY_VALUES+=(\"$(jsonBoolToYesNo \"$_MESSAGING_AUTO_INIT\")\")\n  fi\n\n  # config.in_app_messaging_auto_colllection_enabled\n  _FIAM_AUTO_INIT=$(getFirebaseJsonKeyValue \"$_JSON_OUTPUT_RAW\" \"in_app_messaging_auto_collection_enabled\")\n  if [[ $_FIAM_AUTO_INIT ]]; then\n    _PLIST_ENTRY_KEYS+=(\"FirebaseInAppMessagingAutomaticDataCollectionEnabled\")\n    _PLIST_ENTRY_TYPES+=(\"bool\")\n    _PLIST_ENTRY_VALUES+=(\"$(jsonBoolToYesNo \"$_FIAM_AUTO_INIT\")\")\n  fi\n\n  # config.app_check_token_auto_refresh\n  _APP_CHECK_TOKEN_AUTO_REFRESH=$(getFirebaseJsonKeyValue \"$_JSON_OUTPUT_RAW\" \"app_check_token_auto_refresh\")\n  if [[ $_APP_CHECK_TOKEN_AUTO_REFRESH ]]; then\n    _PLIST_ENTRY_KEYS+=(\"FirebaseAppCheckTokenAutoRefreshEnabled\")\n    _PLIST_ENTRY_TYPES+=(\"bool\")\n    _PLIST_ENTRY_VALUES+=(\"$(jsonBoolToYesNo \"$_APP_CHECK_TOKEN_AUTO_REFRESH\")\")\n  fi\n\n  # config.crashlytics_disable_auto_disabler - undocumented for now - mainly for debugging, document if becomes useful\n  _CRASHLYTICS_AUTO_DISABLE_ENABLED=$(getFirebaseJsonKeyValue \"$_JSON_OUTPUT_RAW\" \"crashlytics_disable_auto_disabler\")\n  if [[ $_CRASHLYTICS_AUTO_DISABLE_ENABLED == \"true\" ]]; then\n    echo \"Disabled Crashlytics auto disabler.\" # do nothing\n  else\n    _PLIST_ENTRY_KEYS+=(\"FirebaseCrashlyticsCollectionEnabled\")\n    _PLIST_ENTRY_TYPES+=(\"bool\")\n    _PLIST_ENTRY_VALUES+=(\"NO\")\n  fi\nelse\n  _PLIST_ENTRY_KEYS+=(\"firebase_json_raw\")\n  _PLIST_ENTRY_TYPES+=(\"string\")\n  _PLIST_ENTRY_VALUES+=(\"$_JSON_OUTPUT_BASE64\")\n  echo \"warning:   A firebase.json file was not found, whilst this file is optional it is recommended to include it to configure firebase services in React Native Firebase.\"\nfi;\n\necho \"info: 2) Injecting Info.plist entries: \"\n\n# Log out the keys we're adding\nfor i in \"${!_PLIST_ENTRY_KEYS[@]}\"; do\n  echo \"    ->  $i) ${_PLIST_ENTRY_KEYS[$i]}\" \"${_PLIST_ENTRY_TYPES[$i]}\" \"${_PLIST_ENTRY_VALUES[$i]}\"\ndone\n\nfor plist in \"${_TARGET_PLIST}\" \"${_DSYM_PLIST}\" ; do\n  if [[ -f \"${plist}\" ]]; then\n\n    # paths with spaces break the call to setPlistValue. temporarily modify\n    # the shell internal field separator variable (IFS), which normally\n    # includes spaces, to consist only of line breaks\n    oldifs=$IFS\n    IFS=\"\n\"\n\n    for i in \"${!_PLIST_ENTRY_KEYS[@]}\"; do\n      setPlistValue \"${_PLIST_ENTRY_KEYS[$i]}\" \"${_PLIST_ENTRY_TYPES[$i]}\" \"${_PLIST_ENTRY_VALUES[$i]}\" \"${plist}\"\n    done\n\n    # restore the original internal field separator value\n    IFS=$oldifs\n  else\n    echo \"warning:   A Info.plist build output file was not found (${plist})\"\n  fi\ndone\n\necho \"info: <- RNFB build script finished\"\n";
		};
		68E666D63B2C268BFFA9D1D9 /* [CP-User] [RNFB] Crashlytics Configuration */ = {
			isa = PBXShellScriptBuildPhase;
			buildActionMask = 2147483647;
			files = (
			);
			inputPaths = (
				"${DWARF_DSYM_FOLDER_PATH}/${DWARF_DSYM_FILE_NAME}/Contents/Resources/DWARF/${TARGET_NAME}",
				"$(SRCROOT)/$(BUILT_PRODUCTS_DIR)/$(INFOPLIST_PATH)",
			);
			name = "[CP-User] [RNFB] Crashlytics Configuration";
			runOnlyForDeploymentPostprocessing = 0;
			shellPath = /bin/sh;
			shellScript = "#!/usr/bin/env bash\n#\n# Copyright (c) 2016-present Invertase Limited & Contributors\n#\n# Licensed under the Apache License, Version 2.0 (the \"License\");\n# you may not use this library except in compliance with the License.\n# You may obtain a copy of the License at\n#\n#   http://www.apache.org/licenses/LICENSE-2.0\n#\n# Unless required by applicable law or agreed to in writing, software\n# distributed under the License is distributed on an \"AS IS\" BASIS,\n# WITHOUT WARRANTIES OR CONDITIONS OF ANY KIND, either express or implied.\n# See the License for the specific language governing permissions and\n# limitations under the License.\n#\nset -e\n\nif [[ ${PODS_ROOT} ]]; then\n  echo \"info: Exec FirebaseCrashlytics Run from Pods\"\n  \"${PODS_ROOT}/FirebaseCrashlytics/run\"\nelse\n  echo \"info: Exec FirebaseCrashlytics Run from framework\"\n  \"${PROJECT_DIR}/FirebaseCrashlytics.framework/run\"\nfi\n";
		};
		8030B10F1904690935898C47 /* [CP] Copy Pods Resources */ = {
			isa = PBXShellScriptBuildPhase;
			buildActionMask = 2147483647;
			files = (
			);
			inputPaths = (
				"${PODS_ROOT}/Target Support Files/Pods-Xaman/Pods-Xaman-resources.sh",
				"${PODS_CONFIGURATION_BUILD_DIR}/React-Core/RCTI18nStrings.bundle",
				"${PODS_CONFIGURATION_BUILD_DIR}/TangemSdk/TangemSdk.bundle",
			);
			name = "[CP] Copy Pods Resources";
			outputPaths = (
				"${TARGET_BUILD_DIR}/${UNLOCALIZED_RESOURCES_FOLDER_PATH}/RCTI18nStrings.bundle",
				"${TARGET_BUILD_DIR}/${UNLOCALIZED_RESOURCES_FOLDER_PATH}/TangemSdk.bundle",
			);
			runOnlyForDeploymentPostprocessing = 0;
			shellPath = /bin/sh;
			shellScript = "\"${PODS_ROOT}/Target Support Files/Pods-Xaman/Pods-Xaman-resources.sh\"\n";
			showEnvVarsInLog = 0;
		};
		A275AAF3297057150055DFD6 /* ShellScript */ = {
			isa = PBXShellScriptBuildPhase;
			buildActionMask = 2147483647;
			files = (
			);
			inputFileListPaths = (
			);
			inputPaths = (
			);
			outputFileListPaths = (
			);
			outputPaths = (
			);
			runOnlyForDeploymentPostprocessing = 0;
			shellPath = /bin/sh;
			shellScript = "#Disables ATS in debug builds.\nINFOPLIST=\"${TARGET_BUILD_DIR}\"/\"${INFOPLIST_PATH}\"\ncase \"${CONFIGURATION}\" in\n\"Release\"|\"Adhoc\")\n/usr/libexec/PlistBuddy -c \"Delete :NSAppTransportSecurity\" \"${INFOPLIST}\" || true\n;;\n\"Debug\")\n/usr/libexec/PlistBuddy -c \"Add :NSAppTransportSecurity:NSExceptionDomains:localhost dict\" \"${INFOPLIST}\" || true\n/usr/libexec/PlistBuddy -c \"Add :NSAppTransportSecurity:NSExceptionDomains:localhost:NSExceptionAllowsInsecureHTTPLoads bool true\" \"${INFOPLIST}\" || true\n;; \nesac\n";
		};
		A3F03C47283A8EFCD65408F9 /* [CP] Check Pods Manifest.lock */ = {
			isa = PBXShellScriptBuildPhase;
			buildActionMask = 2147483647;
			files = (
			);
			inputFileListPaths = (
			);
			inputPaths = (
				"${PODS_PODFILE_DIR_PATH}/Podfile.lock",
				"${PODS_ROOT}/Manifest.lock",
			);
			name = "[CP] Check Pods Manifest.lock";
			outputFileListPaths = (
			);
			outputPaths = (
				"$(DERIVED_FILE_DIR)/Pods-Xaman-checkManifestLockResult.txt",
			);
			runOnlyForDeploymentPostprocessing = 0;
			shellPath = /bin/sh;
			shellScript = "diff \"${PODS_PODFILE_DIR_PATH}/Podfile.lock\" \"${PODS_ROOT}/Manifest.lock\" > /dev/null\nif [ $? != 0 ] ; then\n    # print error to STDERR\n    echo \"error: The sandbox is not in sync with the Podfile.lock. Run 'pod install' or update your CocoaPods installation.\" >&2\n    exit 1\nfi\n# This output is used by Xcode 'outputs' to avoid re-running this script phase.\necho \"SUCCESS\" > \"${SCRIPT_OUTPUT_FILE_0}\"\n";
			showEnvVarsInLog = 0;
		};
		A99C0DF7F151CC945907E657 /* [CP] Embed Pods Frameworks */ = {
			isa = PBXShellScriptBuildPhase;
			buildActionMask = 2147483647;
			files = (
			);
			inputPaths = (
				"${PODS_ROOT}/Target Support Files/Pods-Xaman-XamanTests/Pods-Xaman-XamanTests-frameworks.sh",
				"${PODS_XCFRAMEWORKS_BUILD_DIR}/VeriffSDK/Veriff.framework/Veriff",
				"${PODS_XCFRAMEWORKS_BUILD_DIR}/hermes-engine/Pre-built/hermes.framework/hermes",
			);
			name = "[CP] Embed Pods Frameworks";
			outputPaths = (
				"${TARGET_BUILD_DIR}/${FRAMEWORKS_FOLDER_PATH}/Veriff.framework",
				"${TARGET_BUILD_DIR}/${FRAMEWORKS_FOLDER_PATH}/hermes.framework",
			);
			runOnlyForDeploymentPostprocessing = 0;
			shellPath = /bin/sh;
			shellScript = "\"${PODS_ROOT}/Target Support Files/Pods-Xaman-XamanTests/Pods-Xaman-XamanTests-frameworks.sh\"\n";
			showEnvVarsInLog = 0;
		};
		C5A6EC0D8FB7BBFAFA426E7A /* [CP] Copy Pods Resources */ = {
			isa = PBXShellScriptBuildPhase;
			buildActionMask = 2147483647;
			files = (
			);
			inputPaths = (
				"${PODS_ROOT}/Target Support Files/Pods-Xaman-XamanTests/Pods-Xaman-XamanTests-resources.sh",
				"${PODS_CONFIGURATION_BUILD_DIR}/React-Core/RCTI18nStrings.bundle",
				"${PODS_CONFIGURATION_BUILD_DIR}/TangemSdk/TangemSdk.bundle",
			);
			name = "[CP] Copy Pods Resources";
			outputPaths = (
				"${TARGET_BUILD_DIR}/${UNLOCALIZED_RESOURCES_FOLDER_PATH}/RCTI18nStrings.bundle",
				"${TARGET_BUILD_DIR}/${UNLOCALIZED_RESOURCES_FOLDER_PATH}/TangemSdk.bundle",
			);
			runOnlyForDeploymentPostprocessing = 0;
			shellPath = /bin/sh;
			shellScript = "\"${PODS_ROOT}/Target Support Files/Pods-Xaman-XamanTests/Pods-Xaman-XamanTests-resources.sh\"\n";
			showEnvVarsInLog = 0;
		};
		E9D62753F665C0D1637F6639 /* [CP] Check Pods Manifest.lock */ = {
			isa = PBXShellScriptBuildPhase;
			buildActionMask = 2147483647;
			files = (
			);
			inputFileListPaths = (
			);
			inputPaths = (
				"${PODS_PODFILE_DIR_PATH}/Podfile.lock",
				"${PODS_ROOT}/Manifest.lock",
			);
			name = "[CP] Check Pods Manifest.lock";
			outputFileListPaths = (
			);
			outputPaths = (
				"$(DERIVED_FILE_DIR)/Pods-Xaman-XamanTests-checkManifestLockResult.txt",
			);
			runOnlyForDeploymentPostprocessing = 0;
			shellPath = /bin/sh;
			shellScript = "diff \"${PODS_PODFILE_DIR_PATH}/Podfile.lock\" \"${PODS_ROOT}/Manifest.lock\" > /dev/null\nif [ $? != 0 ] ; then\n    # print error to STDERR\n    echo \"error: The sandbox is not in sync with the Podfile.lock. Run 'pod install' or update your CocoaPods installation.\" >&2\n    exit 1\nfi\n# This output is used by Xcode 'outputs' to avoid re-running this script phase.\necho \"SUCCESS\" > \"${SCRIPT_OUTPUT_FILE_0}\"\n";
			showEnvVarsInLog = 0;
		};
		F6C165A363F1EDD2BC963F73 /* [CP] Embed Pods Frameworks */ = {
			isa = PBXShellScriptBuildPhase;
			buildActionMask = 2147483647;
			files = (
			);
			inputPaths = (
				"${PODS_ROOT}/Target Support Files/Pods-Xaman/Pods-Xaman-frameworks.sh",
				"${PODS_XCFRAMEWORKS_BUILD_DIR}/VeriffSDK/Veriff.framework/Veriff",
				"${PODS_XCFRAMEWORKS_BUILD_DIR}/hermes-engine/Pre-built/hermes.framework/hermes",
			);
			name = "[CP] Embed Pods Frameworks";
			outputPaths = (
				"${TARGET_BUILD_DIR}/${FRAMEWORKS_FOLDER_PATH}/Veriff.framework",
				"${TARGET_BUILD_DIR}/${FRAMEWORKS_FOLDER_PATH}/hermes.framework",
			);
			runOnlyForDeploymentPostprocessing = 0;
			shellPath = /bin/sh;
			shellScript = "\"${PODS_ROOT}/Target Support Files/Pods-Xaman/Pods-Xaman-frameworks.sh\"\n";
			showEnvVarsInLog = 0;
		};
		FD10A7F022414F080027D42C /* Start Packager */ = {
			isa = PBXShellScriptBuildPhase;
			buildActionMask = 2147483647;
			files = (
			);
			inputFileListPaths = (
			);
			inputPaths = (
			);
			name = "Start Packager";
			outputFileListPaths = (
			);
			outputPaths = (
			);
			runOnlyForDeploymentPostprocessing = 0;
			shellPath = /bin/sh;
			shellScript = "export RCT_METRO_PORT=\"${RCT_METRO_PORT:=8081}\"\necho \"export RCT_METRO_PORT=${RCT_METRO_PORT}\" > \"${SRCROOT}/../node_modules/react-native/scripts/.packager.env\"\nif [ -z \"${RCT_NO_LAUNCH_PACKAGER+xxx}\" ] ; then\n  if nc -w 5 -z localhost ${RCT_METRO_PORT} ; then\n    if ! curl -s \"http://localhost:${RCT_METRO_PORT}/status\" | grep -q \"packager-status:running\" ; then\n      echo \"Port ${RCT_METRO_PORT} already in use, packager is either not running or not running correctly\"\n      exit 2\n    fi\n  else\n    open \"$SRCROOT/../node_modules/react-native/scripts/launchPackager.command\" || echo \"Can't start packager automatically\"\n  fi\nfi\n";
			showEnvVarsInLog = 0;
		};
/* End PBXShellScriptBuildPhase section */

/* Begin PBXSourcesBuildPhase section */
		00E356EA1AD99517003FC87E /* Sources */ = {
			isa = PBXSourcesBuildPhase;
			buildActionMask = 2147483647;
			files = (
				A21FD5D928EDA7D900030EF0 /* PerformanceLogger.m in Sources */,
				A2021F7528E5C53000506772 /* CipherTest.m in Sources */,
				A2021F6A28E591F300506772 /* CryptoTest.swift in Sources */,
				A2021F7728E6DF9700506772 /* VaultMangerTest.m in Sources */,
			);
			runOnlyForDeploymentPostprocessing = 0;
		};
		13B07F871A680F5B00A75B9A /* Sources */ = {
			isa = PBXSourcesBuildPhase;
			buildActionMask = 2147483647;
			files = (
				A248635D28229379004633C9 /* BiometricModule.m in Sources */,
				A2A9F31428858F45009AE778 /* BlurViewManager.m in Sources */,
				A2B9D13E2449BAA400259841 /* SharedPreferences.m in Sources */,
				A20C14202524C8A000686A2A /* AppUpdate.m in Sources */,
				A22A152028C61E97001A632E /* Crypto.swift in Sources */,
				A2AFF142243E79C30007005E /* Crypto.m in Sources */,
				A2A9F32D28AA460D009AE778 /* VaultManager.m in Sources */,
				A2ED1312252DC717002AFC09 /* InAppPurchase.m in Sources */,
				A22A151728C0AAAF001A632E /* Keychain.m in Sources */,
				A2AFF143243E79C30007005E /* DeviceUtils.m in Sources */,
				A2D856C02880166A003717BC /* AppUtils.m in Sources */,
				A28BA8A6282409B600109CC8 /* SecurityProvider.m in Sources */,
				A22A151328BF7F9F001A632E /* V1+AesCbc.m in Sources */,
				A2A9F3182885965C009AE778 /* UIView+Blur.m in Sources */,
				A20B9293256FCE670066FECA /* Empty.swift in Sources */,
				A2AFF141243E79C30007005E /* UIView+Toast.m in Sources */,
				A2AFF13D243E79C30007005E /* Toast.m in Sources */,
				A2AFF13C243E79C30007005E /* UIView+QRCode.m in Sources */,
				A2805CE224D1982400B5552E /* LocalNotification.m in Sources */,
				13B07FBC1A68108700A75B9A /* AppDelegate.m in Sources */,
				A2AFF13B243E79C30007005E /* QRCode.m in Sources */,
				A2A9F32728A12C4C009AE778 /* RNCWKProcessPoolManager.m in Sources */,
				A2AFF13F243E79C30007005E /* CIColor+QRCode.m in Sources */,
				13B07FC11A68108700A75B9A /* main.m in Sources */,
				A2D856C428802622003717BC /* HapticFeedback.m in Sources */,
				A2A9F31E28859AF4009AE778 /* BlurEffectWithAmount.m in Sources */,
				A22A151E28C20014001A632E /* V2+AesGcm.m in Sources */,
				A2F4F398288168CB00444302 /* Clipboard.m in Sources */,
				A2F4F39528802A4600444302 /* UniqueIdProvider.m in Sources */,
				A2A9F32828A12C4C009AE778 /* RNCWebViewManager.m in Sources */,
				A2AFF13E243E79C30007005E /* QRCodeGenerator.m in Sources */,
				A2AFF140243E79C30007005E /* NSString+Utils.m in Sources */,
				A22A151A28C0BECA001A632E /* Cipher.m in Sources */,
				A2A9F32928A12C4C009AE778 /* RNCWebView.m in Sources */,
			);
			runOnlyForDeploymentPostprocessing = 0;
		};
/* End PBXSourcesBuildPhase section */

/* Begin PBXTargetDependency section */
		00E356F51AD99517003FC87E /* PBXTargetDependency */ = {
			isa = PBXTargetDependency;
			target = 13B07F861A680F5B00A75B9A /* Xaman */;
			targetProxy = 00E356F41AD99517003FC87E /* PBXContainerItemProxy */;
		};
/* End PBXTargetDependency section */

/* Begin XCBuildConfiguration section */
		00E356F61AD99517003FC87E /* Debug */ = {
			isa = XCBuildConfiguration;
			baseConfigurationReference = CA7812F0C935F7652256C087 /* Pods-Xaman-XamanTests.debug.xcconfig */;
			buildSettings = {
				ALWAYS_EMBED_SWIFT_STANDARD_LIBRARIES = YES;
				BUNDLE_LOADER = "$(TEST_HOST)";
				CLANG_ENABLE_MODULES = YES;
				ENABLE_ON_DEMAND_RESOURCES = NO;
				"EXCLUDED_ARCHS[sdk=iphonesimulator*]" = "i386 arm64";
				GCC_PREPROCESSOR_DEFINITIONS = (
					"DEBUG=1",
					"$(inherited)",
				);
				HEADER_SEARCH_PATHS = (
					"$(inherited)",
					"\"${PODS_ROOT}/Headers/Public\"",
					"\"${PODS_ROOT}/Headers/Public/DoubleConversion\"",
					"\"${PODS_ROOT}/Headers/Public/FBLazyVector\"",
					"\"${PODS_ROOT}/Headers/Public/FBReactNativeSpec\"",
					"\"${PODS_ROOT}/Headers/Public/Firebase\"",
					"\"${PODS_ROOT}/Headers/Public/FirebaseCore\"",
					"\"${PODS_ROOT}/Headers/Public/FirebaseCoreDiagnostics\"",
					"\"${PODS_ROOT}/Headers/Public/FirebaseCrashlytics\"",
					"\"${PODS_ROOT}/Headers/Public/FirebaseInstallations\"",
					"\"${PODS_ROOT}/Headers/Public/FirebaseMessaging\"",
					"\"${PODS_ROOT}/Headers/Public/GCDWebServer\"",
					"\"${PODS_ROOT}/Headers/Public/GoogleDataTransport\"",
					"\"${PODS_ROOT}/Headers/Public/GoogleUtilities\"",
					"\"${PODS_ROOT}/Headers/Public/HMSegmentedControl\"",
					"\"${PODS_ROOT}/Headers/Public/Interactable\"",
					"\"${PODS_ROOT}/Headers/Public/PromisesObjC\"",
					"\"${PODS_ROOT}/Headers/Public/RCT-Folly\"",
					"\"${PODS_ROOT}/Headers/Public/RCTRequired\"",
					"\"${PODS_ROOT}/Headers/Public/RCTTypeSafety\"",
					"\"${PODS_ROOT}/Headers/Public/RNFBAnalytics\"",
					"\"${PODS_ROOT}/Headers/Public/RNFBApp\"",
					"\"${PODS_ROOT}/Headers/Public/RNFBCrashlytics\"",
					"\"${PODS_ROOT}/Headers/Public/RNFBMessaging\"",
					"\"${PODS_ROOT}/Headers/Public/RNTangemSdk\"",
					"\"${PODS_ROOT}/Headers/Public/React-Core\"",
					"\"${PODS_ROOT}/Headers/Public/React-RCTBlob\"",
					"\"${PODS_ROOT}/Headers/Public/React-RCTText\"",
					"\"${PODS_ROOT}/Headers/Public/React-callinvoker\"",
					"\"${PODS_ROOT}/Headers/Public/React-cxxreact\"",
					"\"${PODS_ROOT}/Headers/Public/React-jsi\"",
					"\"${PODS_ROOT}/Headers/Public/React-jsiexecutor\"",
					"\"${PODS_ROOT}/Headers/Public/React-jsinspector\"",
					"\"${PODS_ROOT}/Headers/Public/React-logger\"",
					"\"${PODS_ROOT}/Headers/Public/React-perflogger\"",
					"\"${PODS_ROOT}/Headers/Public/React-runtimeexecutor\"",
					"\"${PODS_ROOT}/Headers/Public/ReactCommon\"",
					"\"${PODS_ROOT}/Headers/Public/ReactNativeNavigation\"",
					"\"${PODS_ROOT}/Headers/Public/TangemSdk\"",
					"\"${PODS_ROOT}/Headers/Public/Yoga\"",
					"\"${PODS_ROOT}/Headers/Public/fmt\"",
					"\"${PODS_ROOT}/Headers/Public/glog\"",
					"\"${PODS_ROOT}/Headers/Public/nanopb\"",
					"\"${PODS_ROOT}/Headers/Public/react-native-camera\"",
					"\"${PODS_ROOT}/Headers/Public/react-native-netinfo\"",
					"\"${PODS_ROOT}/Headers/Public/react-native-sdk\"",
					"\"${PODS_XCFRAMEWORKS_BUILD_DIR}/RealmJS/Headers\"",
					"\"$(PODS_ROOT)/DoubleConversion\"",
					"$(inherited)",
					"${PODS_ROOT}/Firebase/CoreOnly/Sources",
					"\"$(PODS_ROOT)/boost\"",
					"\"$(PODS_ROOT)/Headers/Private/React-Core\"",
					"$CONFIGURATION_TEMP_DIR/Xaman.build/DerivedSources",
				);
				INFOPLIST_FILE = XamanTests/Info.plist;
				IPHONEOS_DEPLOYMENT_TARGET = 13.0;
				LD_RUNPATH_SEARCH_PATHS = "$(inherited) @executable_path/Frameworks @loader_path/Frameworks";
				OTHER_LDFLAGS = (
					"-ObjC",
					"-lc++",
					"$(inherited)",
				);
				PRODUCT_BUNDLE_IDENTIFIER = "org.reactjs.native.example.$(PRODUCT_NAME:rfc1034identifier)";
				PRODUCT_NAME = "$(TARGET_NAME)";
				SWIFT_OBJC_BRIDGING_HEADER = "XamanTests/XamanTests-Bridging-Header.h";
				SWIFT_OBJC_INTERFACE_HEADER_NAME = "$(SWIFT_MODULE_NAME)-Swift.h";
				SWIFT_OPTIMIZATION_LEVEL = "-Onone";
				SWIFT_VERSION = 5.0;
				TEST_HOST = "$(BUILT_PRODUCTS_DIR)/Xaman.app/Xaman";
			};
			name = Debug;
		};
		00E356F71AD99517003FC87E /* Release */ = {
			isa = XCBuildConfiguration;
			baseConfigurationReference = 04A66EC2DDF90CD814AAB046 /* Pods-Xaman-XamanTests.release.xcconfig */;
			buildSettings = {
				ALWAYS_EMBED_SWIFT_STANDARD_LIBRARIES = YES;
				BUNDLE_LOADER = "$(TEST_HOST)";
				CLANG_ENABLE_MODULES = YES;
				COPY_PHASE_STRIP = NO;
				ENABLE_ON_DEMAND_RESOURCES = NO;
				HEADER_SEARCH_PATHS = (
					"$(inherited)",
					"\"${PODS_ROOT}/Headers/Public\"",
					"\"${PODS_ROOT}/Headers/Public/DoubleConversion\"",
					"\"${PODS_ROOT}/Headers/Public/FBLazyVector\"",
					"\"${PODS_ROOT}/Headers/Public/FBReactNativeSpec\"",
					"\"${PODS_ROOT}/Headers/Public/Firebase\"",
					"\"${PODS_ROOT}/Headers/Public/FirebaseCore\"",
					"\"${PODS_ROOT}/Headers/Public/FirebaseCoreDiagnostics\"",
					"\"${PODS_ROOT}/Headers/Public/FirebaseCrashlytics\"",
					"\"${PODS_ROOT}/Headers/Public/FirebaseInstallations\"",
					"\"${PODS_ROOT}/Headers/Public/FirebaseMessaging\"",
					"\"${PODS_ROOT}/Headers/Public/GCDWebServer\"",
					"\"${PODS_ROOT}/Headers/Public/GoogleDataTransport\"",
					"\"${PODS_ROOT}/Headers/Public/GoogleUtilities\"",
					"\"${PODS_ROOT}/Headers/Public/HMSegmentedControl\"",
					"\"${PODS_ROOT}/Headers/Public/Interactable\"",
					"\"${PODS_ROOT}/Headers/Public/PromisesObjC\"",
					"\"${PODS_ROOT}/Headers/Public/RCT-Folly\"",
					"\"${PODS_ROOT}/Headers/Public/RCTRequired\"",
					"\"${PODS_ROOT}/Headers/Public/RCTTypeSafety\"",
					"\"${PODS_ROOT}/Headers/Public/RNFBAnalytics\"",
					"\"${PODS_ROOT}/Headers/Public/RNFBApp\"",
					"\"${PODS_ROOT}/Headers/Public/RNFBCrashlytics\"",
					"\"${PODS_ROOT}/Headers/Public/RNFBMessaging\"",
					"\"${PODS_ROOT}/Headers/Public/RNTangemSdk\"",
					"\"${PODS_ROOT}/Headers/Public/React-Core\"",
					"\"${PODS_ROOT}/Headers/Public/React-RCTBlob\"",
					"\"${PODS_ROOT}/Headers/Public/React-RCTText\"",
					"\"${PODS_ROOT}/Headers/Public/React-callinvoker\"",
					"\"${PODS_ROOT}/Headers/Public/React-cxxreact\"",
					"\"${PODS_ROOT}/Headers/Public/React-jsi\"",
					"\"${PODS_ROOT}/Headers/Public/React-jsiexecutor\"",
					"\"${PODS_ROOT}/Headers/Public/React-jsinspector\"",
					"\"${PODS_ROOT}/Headers/Public/React-logger\"",
					"\"${PODS_ROOT}/Headers/Public/React-perflogger\"",
					"\"${PODS_ROOT}/Headers/Public/React-runtimeexecutor\"",
					"\"${PODS_ROOT}/Headers/Public/ReactCommon\"",
					"\"${PODS_ROOT}/Headers/Public/ReactNativeNavigation\"",
					"\"${PODS_ROOT}/Headers/Public/TangemSdk\"",
					"\"${PODS_ROOT}/Headers/Public/Yoga\"",
					"\"${PODS_ROOT}/Headers/Public/fmt\"",
					"\"${PODS_ROOT}/Headers/Public/glog\"",
					"\"${PODS_ROOT}/Headers/Public/nanopb\"",
					"\"${PODS_ROOT}/Headers/Public/react-native-camera\"",
					"\"${PODS_ROOT}/Headers/Public/react-native-netinfo\"",
					"\"${PODS_ROOT}/Headers/Public/react-native-sdk\"",
					"\"${PODS_XCFRAMEWORKS_BUILD_DIR}/RealmJS/Headers\"",
					"\"$(PODS_ROOT)/DoubleConversion\"",
					"$(inherited)",
					"${PODS_ROOT}/Firebase/CoreOnly/Sources",
					"\"$(PODS_ROOT)/boost\"",
					"\"$(PODS_ROOT)/Headers/Private/React-Core\"",
					"$CONFIGURATION_TEMP_DIR/Xaman.build/DerivedSources",
				);
				INFOPLIST_FILE = XamanTests/Info.plist;
				IPHONEOS_DEPLOYMENT_TARGET = 13.0;
				LD_RUNPATH_SEARCH_PATHS = "$(inherited) @executable_path/Frameworks @loader_path/Frameworks";
				OTHER_LDFLAGS = (
					"-ObjC",
					"-lc++",
					"$(inherited)",
				);
				PRODUCT_BUNDLE_IDENTIFIER = "org.reactjs.native.example.$(PRODUCT_NAME:rfc1034identifier)";
				PRODUCT_NAME = "$(TARGET_NAME)";
				SWIFT_OBJC_BRIDGING_HEADER = "XamanTests/XamanTests-Bridging-Header.h";
				SWIFT_OBJC_INTERFACE_HEADER_NAME = "$(SWIFT_MODULE_NAME)-Swift.h";
				SWIFT_VERSION = 5.0;
				TEST_HOST = "$(BUILT_PRODUCTS_DIR)/Xaman.app/Xaman";
			};
			name = Release;
		};
		13B07F941A680F5B00A75B9A /* Debug */ = {
			isa = XCBuildConfiguration;
			baseConfigurationReference = B712F110E060129D749043CD /* Pods-Xaman.debug.xcconfig */;
			buildSettings = {
				ASSETCATALOG_COMPILER_APPICON_NAME = AppIcon;
				CLANG_ENABLE_MODULES = YES;
				CODE_SIGN_ENTITLEMENTS = Xaman/Xaman.entitlements;
				CODE_SIGN_IDENTITY = "Apple Development";
				CODE_SIGN_STYLE = Automatic;
				CURRENT_PROJECT_VERSION = 1;
				DEVELOPMENT_TEAM = LK5BBJNJZ6;
				ENABLE_BITCODE = NO;
				"EXCLUDED_ARCHS[sdk=iphonesimulator*]" = arm64;
				GCC_PREPROCESSOR_DEFINITIONS = (
					"$(inherited)",
					"FB_SONARKIT_ENABLED=1",
				);
				INFOPLIST_FILE = Xaman/Info.plist;
				IPHONEOS_DEPLOYMENT_TARGET = 13.4;
				LD_RUNPATH_SEARCH_PATHS = "$(inherited) @executable_path/Frameworks";
				MARKETING_VERSION = 3.0.0;
				OTHER_LDFLAGS = (
					"$(inherited)",
					"-ObjC",
					"-lc++",
				);
				PRODUCT_BUNDLE_IDENTIFIER = com.xrpllabs.xumm;
				PRODUCT_NAME = Xaman;
				PROVISIONING_PROFILE_SPECIFIER = "";
				SWIFT_OBJC_BRIDGING_HEADER = "Xaman-Bridging-Header.h";
				SWIFT_OPTIMIZATION_LEVEL = "-Onone";
				SWIFT_VERSION = 5.0;
				VERSIONING_SYSTEM = "apple-generic";
			};
			name = Debug;
		};
		13B07F951A680F5B00A75B9A /* Release */ = {
			isa = XCBuildConfiguration;
			baseConfigurationReference = F35B10B5380FF4BC3DA7B7F5 /* Pods-Xaman.release.xcconfig */;
			buildSettings = {
				ASSETCATALOG_COMPILER_APPICON_NAME = AppIcon;
				CLANG_ENABLE_MODULES = YES;
				CODE_SIGN_ENTITLEMENTS = Xaman/Xaman.entitlements;
				CODE_SIGN_IDENTITY = "Apple Development";
				CODE_SIGN_STYLE = Automatic;
				CURRENT_PROJECT_VERSION = 1;
				DEVELOPMENT_TEAM = LK5BBJNJZ6;
				"EXCLUDED_ARCHS[sdk=iphonesimulator*]" = arm64;
				INFOPLIST_FILE = Xaman/Info.plist;
				IPHONEOS_DEPLOYMENT_TARGET = 13.4;
				LD_RUNPATH_SEARCH_PATHS = "$(inherited) @executable_path/Frameworks";
				MARKETING_VERSION = 3.0.0;
				OTHER_LDFLAGS = (
					"$(inherited)",
					"-ObjC",
					"-lc++",
				);
				PRODUCT_BUNDLE_IDENTIFIER = com.xrpllabs.xumm;
				PRODUCT_NAME = Xaman;
				PROVISIONING_PROFILE_SPECIFIER = "";
				SWIFT_OBJC_BRIDGING_HEADER = "Xaman-Bridging-Header.h";
				SWIFT_VERSION = 5.0;
				VERSIONING_SYSTEM = "apple-generic";
			};
			name = Release;
		};
		83CBBA201A601CBA00E9B192 /* Debug */ = {
			isa = XCBuildConfiguration;
			buildSettings = {
				ALWAYS_SEARCH_USER_PATHS = NO;
				CLANG_ANALYZER_LOCALIZABILITY_NONLOCALIZED = YES;
				CLANG_CXX_LANGUAGE_STANDARD = "c++20";
				CLANG_CXX_LIBRARY = "libc++";
				CLANG_ENABLE_MODULES = YES;
				CLANG_ENABLE_OBJC_ARC = YES;
				CLANG_WARN_BLOCK_CAPTURE_AUTORELEASING = YES;
				CLANG_WARN_BOOL_CONVERSION = YES;
				CLANG_WARN_COMMA = YES;
				CLANG_WARN_CONSTANT_CONVERSION = YES;
				CLANG_WARN_DEPRECATED_OBJC_IMPLEMENTATIONS = YES;
				CLANG_WARN_DIRECT_OBJC_ISA_USAGE = YES_ERROR;
				CLANG_WARN_EMPTY_BODY = YES;
				CLANG_WARN_ENUM_CONVERSION = YES;
				CLANG_WARN_INFINITE_RECURSION = YES;
				CLANG_WARN_INT_CONVERSION = YES;
				CLANG_WARN_NON_LITERAL_NULL_CONVERSION = YES;
				CLANG_WARN_OBJC_IMPLICIT_RETAIN_SELF = YES;
				CLANG_WARN_OBJC_LITERAL_CONVERSION = YES;
				CLANG_WARN_OBJC_ROOT_CLASS = YES_ERROR;
				CLANG_WARN_RANGE_LOOP_ANALYSIS = YES;
				CLANG_WARN_STRICT_PROTOTYPES = YES;
				CLANG_WARN_SUSPICIOUS_MOVE = YES;
				CLANG_WARN_UNREACHABLE_CODE = YES;
				CLANG_WARN__DUPLICATE_METHOD_MATCH = YES;
				"CODE_SIGN_IDENTITY[sdk=iphoneos*]" = "iPhone Developer";
				COPY_PHASE_STRIP = NO;
				ENABLE_STRICT_OBJC_MSGSEND = YES;
				ENABLE_TESTABILITY = YES;
				"EXCLUDED_ARCHS[sdk=iphonesimulator*]" = i386;
				GCC_C_LANGUAGE_STANDARD = gnu99;
				GCC_DYNAMIC_NO_PIC = NO;
				GCC_NO_COMMON_BLOCKS = YES;
				GCC_OPTIMIZATION_LEVEL = 0;
				GCC_PREPROCESSOR_DEFINITIONS = (
					"DEBUG=1",
					"$(inherited)",
					_LIBCPP_ENABLE_CXX17_REMOVED_UNARY_BINARY_FUNCTION,
				);
				GCC_SYMBOLS_PRIVATE_EXTERN = NO;
				GCC_WARN_64_TO_32_BIT_CONVERSION = YES;
				GCC_WARN_ABOUT_RETURN_TYPE = YES_ERROR;
				GCC_WARN_UNDECLARED_SELECTOR = YES;
				GCC_WARN_UNINITIALIZED_AUTOS = YES_AGGRESSIVE;
				GCC_WARN_UNUSED_FUNCTION = YES;
				GCC_WARN_UNUSED_VARIABLE = YES;
				HEADER_SEARCH_PATHS = (
					"$(inherited)",
					"${PODS_CONFIGURATION_BUILD_DIR}/ReactCommon-Samples/ReactCommon_Samples.framework/Headers",
					"${PODS_CONFIGURATION_BUILD_DIR}/ReactCommon/ReactCommon.framework/Headers/react/nativemodule/core",
					"${PODS_CONFIGURATION_BUILD_DIR}/ReactCommon-Samples/ReactCommon_Samples.framework/Headers/platform/ios",
					"${PODS_CONFIGURATION_BUILD_DIR}/React-NativeModulesApple/React_NativeModulesApple.framework/Headers",
					"${PODS_CONFIGURATION_BUILD_DIR}/React-graphics/React_graphics.framework/Headers/react/renderer/graphics/platform/ios",
					" ${PODS_CONFIGURATION_BUILD_DIR}/ReactCommon/ReactCommon.framework/Headers",
					" ${PODS_CONFIGURATION_BUILD_DIR}/React-Fabric/React_Fabric.framework/Headers/react/renderer/components/view/platform/cxx",
					" ${PODS_CONFIGURATION_BUILD_DIR}/React-graphics/React_graphics.framework/Headers",
					" ${PODS_CONFIGURATION_BUILD_DIR}/ReactCommon/ReactCommon.framework/Headers",
					" ${PODS_CONFIGURATION_BUILD_DIR}/React-Fabric/React_Fabric.framework/Headers/react/renderer/components/view/platform/cxx",
					" ${PODS_CONFIGURATION_BUILD_DIR}/React-graphics/React_graphics.framework/Headers",
					" ${PODS_CONFIGURATION_BUILD_DIR}/ReactCommon/ReactCommon.framework/Headers",
					" ${PODS_CONFIGURATION_BUILD_DIR}/React-Fabric/React_Fabric.framework/Headers/react/renderer/components/view/platform/cxx",
					" ${PODS_CONFIGURATION_BUILD_DIR}/React-graphics/React_graphics.framework/Headers",
					" ${PODS_CONFIGURATION_BUILD_DIR}/ReactCommon/ReactCommon.framework/Headers",
					" ${PODS_CONFIGURATION_BUILD_DIR}/React-Fabric/React_Fabric.framework/Headers/react/renderer/components/view/platform/cxx",
					" ${PODS_CONFIGURATION_BUILD_DIR}/React-graphics/React_graphics.framework/Headers",
					" ${PODS_CONFIGURATION_BUILD_DIR}/ReactCommon/ReactCommon.framework/Headers",
					" ${PODS_CONFIGURATION_BUILD_DIR}/React-Fabric/React_Fabric.framework/Headers/react/renderer/components/view/platform/cxx",
					" ${PODS_CONFIGURATION_BUILD_DIR}/React-graphics/React_graphics.framework/Headers",
				);
				IPHONEOS_DEPLOYMENT_TARGET = 13.0;
				LD_RUNPATH_SEARCH_PATHS = "/usr/lib/swift $(inherited)";
				LIBRARY_SEARCH_PATHS = (
					"\"$(SDKROOT)/usr/lib/swift\"",
					"\"$(TOOLCHAIN_DIR)/usr/lib/swift/$(PLATFORM_NAME)\"",
					"\"$(inherited)\"",
				);
				MTL_ENABLE_DEBUG_INFO = YES;
				ONLY_ACTIVE_ARCH = YES;
				OTHER_CFLAGS = "$(inherited)";
				OTHER_CPLUSPLUSFLAGS = (
					"$(OTHER_CFLAGS)",
					"-DFOLLY_NO_CONFIG",
					"-DFOLLY_MOBILE=1",
					"-DFOLLY_USE_LIBCPP=1",
					"-DFOLLY_CFG_NO_COROUTINES=1",
				);
				OTHER_LDFLAGS = "$(inherited)";
				REACT_NATIVE_PATH = "${PODS_ROOT}/../../node_modules/react-native";
				SDKROOT = iphoneos;
				USE_HERMES = true;
			};
			name = Debug;
		};
		83CBBA211A601CBA00E9B192 /* Release */ = {
			isa = XCBuildConfiguration;
			buildSettings = {
				ALWAYS_SEARCH_USER_PATHS = NO;
				CLANG_ANALYZER_LOCALIZABILITY_NONLOCALIZED = YES;
				CLANG_CXX_LANGUAGE_STANDARD = "c++20";
				CLANG_CXX_LIBRARY = "libc++";
				CLANG_ENABLE_MODULES = YES;
				CLANG_ENABLE_OBJC_ARC = YES;
				CLANG_WARN_BLOCK_CAPTURE_AUTORELEASING = YES;
				CLANG_WARN_BOOL_CONVERSION = YES;
				CLANG_WARN_COMMA = YES;
				CLANG_WARN_CONSTANT_CONVERSION = YES;
				CLANG_WARN_DEPRECATED_OBJC_IMPLEMENTATIONS = YES;
				CLANG_WARN_DIRECT_OBJC_ISA_USAGE = YES_ERROR;
				CLANG_WARN_EMPTY_BODY = YES;
				CLANG_WARN_ENUM_CONVERSION = YES;
				CLANG_WARN_INFINITE_RECURSION = YES;
				CLANG_WARN_INT_CONVERSION = YES;
				CLANG_WARN_NON_LITERAL_NULL_CONVERSION = YES;
				CLANG_WARN_OBJC_IMPLICIT_RETAIN_SELF = YES;
				CLANG_WARN_OBJC_LITERAL_CONVERSION = YES;
				CLANG_WARN_OBJC_ROOT_CLASS = YES_ERROR;
				CLANG_WARN_RANGE_LOOP_ANALYSIS = YES;
				CLANG_WARN_STRICT_PROTOTYPES = YES;
				CLANG_WARN_SUSPICIOUS_MOVE = YES;
				CLANG_WARN_UNREACHABLE_CODE = YES;
				CLANG_WARN__DUPLICATE_METHOD_MATCH = YES;
				"CODE_SIGN_IDENTITY[sdk=iphoneos*]" = "iPhone Developer";
				COPY_PHASE_STRIP = YES;
				ENABLE_NS_ASSERTIONS = NO;
				ENABLE_STRICT_OBJC_MSGSEND = YES;
				"EXCLUDED_ARCHS[sdk=iphonesimulator*]" = i386;
				GCC_C_LANGUAGE_STANDARD = gnu99;
				GCC_NO_COMMON_BLOCKS = YES;
				GCC_PREPROCESSOR_DEFINITIONS = (
					"$(inherited)",
					_LIBCPP_ENABLE_CXX17_REMOVED_UNARY_BINARY_FUNCTION,
				);
				GCC_WARN_64_TO_32_BIT_CONVERSION = YES;
				GCC_WARN_ABOUT_RETURN_TYPE = YES_ERROR;
				GCC_WARN_UNDECLARED_SELECTOR = YES;
				GCC_WARN_UNINITIALIZED_AUTOS = YES_AGGRESSIVE;
				GCC_WARN_UNUSED_FUNCTION = YES;
				GCC_WARN_UNUSED_VARIABLE = YES;
				HEADER_SEARCH_PATHS = (
					"$(inherited)",
					"${PODS_CONFIGURATION_BUILD_DIR}/ReactCommon-Samples/ReactCommon_Samples.framework/Headers",
					"${PODS_CONFIGURATION_BUILD_DIR}/ReactCommon/ReactCommon.framework/Headers/react/nativemodule/core",
					"${PODS_CONFIGURATION_BUILD_DIR}/ReactCommon-Samples/ReactCommon_Samples.framework/Headers/platform/ios",
					"${PODS_CONFIGURATION_BUILD_DIR}/React-NativeModulesApple/React_NativeModulesApple.framework/Headers",
					"${PODS_CONFIGURATION_BUILD_DIR}/React-graphics/React_graphics.framework/Headers/react/renderer/graphics/platform/ios",
					" ${PODS_CONFIGURATION_BUILD_DIR}/ReactCommon/ReactCommon.framework/Headers",
					" ${PODS_CONFIGURATION_BUILD_DIR}/React-Fabric/React_Fabric.framework/Headers/react/renderer/components/view/platform/cxx",
					" ${PODS_CONFIGURATION_BUILD_DIR}/React-graphics/React_graphics.framework/Headers",
					" ${PODS_CONFIGURATION_BUILD_DIR}/ReactCommon/ReactCommon.framework/Headers",
					" ${PODS_CONFIGURATION_BUILD_DIR}/React-Fabric/React_Fabric.framework/Headers/react/renderer/components/view/platform/cxx",
					" ${PODS_CONFIGURATION_BUILD_DIR}/React-graphics/React_graphics.framework/Headers",
					" ${PODS_CONFIGURATION_BUILD_DIR}/ReactCommon/ReactCommon.framework/Headers",
					" ${PODS_CONFIGURATION_BUILD_DIR}/React-Fabric/React_Fabric.framework/Headers/react/renderer/components/view/platform/cxx",
					" ${PODS_CONFIGURATION_BUILD_DIR}/React-graphics/React_graphics.framework/Headers",
					" ${PODS_CONFIGURATION_BUILD_DIR}/ReactCommon/ReactCommon.framework/Headers",
					" ${PODS_CONFIGURATION_BUILD_DIR}/React-Fabric/React_Fabric.framework/Headers/react/renderer/components/view/platform/cxx",
					" ${PODS_CONFIGURATION_BUILD_DIR}/React-graphics/React_graphics.framework/Headers",
					" ${PODS_CONFIGURATION_BUILD_DIR}/ReactCommon/ReactCommon.framework/Headers",
					" ${PODS_CONFIGURATION_BUILD_DIR}/React-Fabric/React_Fabric.framework/Headers/react/renderer/components/view/platform/cxx",
					" ${PODS_CONFIGURATION_BUILD_DIR}/React-graphics/React_graphics.framework/Headers",
				);
				IPHONEOS_DEPLOYMENT_TARGET = 13.0;
				LD_RUNPATH_SEARCH_PATHS = "/usr/lib/swift $(inherited)";
				LIBRARY_SEARCH_PATHS = (
					"\"$(SDKROOT)/usr/lib/swift\"",
					"\"$(TOOLCHAIN_DIR)/usr/lib/swift/$(PLATFORM_NAME)\"",
					"\"$(inherited)\"",
				);
				MTL_ENABLE_DEBUG_INFO = NO;
				OTHER_CFLAGS = "$(inherited)";
				OTHER_CPLUSPLUSFLAGS = (
					"$(OTHER_CFLAGS)",
					"-DFOLLY_NO_CONFIG",
					"-DFOLLY_MOBILE=1",
					"-DFOLLY_USE_LIBCPP=1",
					"-DFOLLY_CFG_NO_COROUTINES=1",
				);
				OTHER_LDFLAGS = "$(inherited)";
				REACT_NATIVE_PATH = "${PODS_ROOT}/../../node_modules/react-native";
				SDKROOT = iphoneos;
				USE_HERMES = true;
				VALIDATE_PRODUCT = YES;
			};
			name = Release;
		};
/* End XCBuildConfiguration section */

/* Begin XCConfigurationList section */
		00E357021AD99517003FC87E /* Build configuration list for PBXNativeTarget "XamanTests" */ = {
			isa = XCConfigurationList;
			buildConfigurations = (
				00E356F61AD99517003FC87E /* Debug */,
				00E356F71AD99517003FC87E /* Release */,
			);
			defaultConfigurationIsVisible = 0;
			defaultConfigurationName = Release;
		};
		13B07F931A680F5B00A75B9A /* Build configuration list for PBXNativeTarget "Xaman" */ = {
			isa = XCConfigurationList;
			buildConfigurations = (
				13B07F941A680F5B00A75B9A /* Debug */,
				13B07F951A680F5B00A75B9A /* Release */,
			);
			defaultConfigurationIsVisible = 0;
			defaultConfigurationName = Release;
		};
		83CBB9FA1A601CBA00E9B192 /* Build configuration list for PBXProject "Xaman" */ = {
			isa = XCConfigurationList;
			buildConfigurations = (
				83CBBA201A601CBA00E9B192 /* Debug */,
				83CBBA211A601CBA00E9B192 /* Release */,
			);
			defaultConfigurationIsVisible = 0;
			defaultConfigurationName = Release;
		};
/* End XCConfigurationList section */
	};
	rootObject = 83CBB9F71A601CBA00E9B192 /* Project object */;
}
