PODS:
  - boost (1.76.0)
  - DoubleConversion (1.1.6)
  - FBLazyVector (0.66.1)
  - FBReactNativeSpec (0.66.1):
    - RCT-Folly (= 2021.06.28.00-v2)
    - RCTRequired (= 0.66.1)
    - RCTTypeSafety (= 0.66.1)
    - React-Core (= 0.66.1)
    - React-jsi (= 0.66.1)
    - ReactCommon/turbomodule/core (= 0.66.1)
  - Firebase/AnalyticsWithoutAdIdSupport (8.10.0):
    - Firebase/CoreOnly
    - FirebaseAnalytics/WithoutAdIdSupport (~> 8.10.0)
  - Firebase/CoreOnly (8.10.0):
    - FirebaseCore (= 8.10.0)
  - Firebase/Crashlytics (8.10.0):
    - Firebase/CoreOnly
    - FirebaseCrashlytics (~> 8.10.0)
  - Firebase/Messaging (8.10.0):
    - Firebase/CoreOnly
    - FirebaseMessaging (~> 8.10.0)
  - FirebaseAnalytics/WithoutAdIdSupport (8.10.0):
    - FirebaseCore (~> 8.0)
    - FirebaseInstallations (~> 8.0)
    - GoogleAppMeasurement/WithoutAdIdSupport (= 8.10.0)
    - GoogleUtilities/AppDelegateSwizzler (~> 7.6)
    - GoogleUtilities/MethodSwizzler (~> 7.6)
    - GoogleUtilities/Network (~> 7.6)
    - "GoogleUtilities/NSData+zlib (~> 7.6)"
    - nanopb (~> 2.30908.0)
  - FirebaseCore (8.10.0):
    - FirebaseCoreDiagnostics (~> 8.0)
    - GoogleUtilities/Environment (~> 7.6)
    - GoogleUtilities/Logger (~> 7.6)
  - FirebaseCoreDiagnostics (8.10.0):
    - GoogleDataTransport (~> 9.1)
    - GoogleUtilities/Environment (~> 7.6)
    - GoogleUtilities/Logger (~> 7.6)
    - nanopb (~> 2.30908.0)
  - FirebaseCrashlytics (8.10.0):
    - FirebaseCore (~> 8.0)
    - FirebaseInstallations (~> 8.0)
    - GoogleDataTransport (~> 9.1)
    - GoogleUtilities/Environment (~> 7.6)
    - nanopb (~> 2.30908.0)
    - PromisesObjC (< 3.0, >= 1.2)
  - FirebaseInstallations (8.10.0):
    - FirebaseCore (~> 8.0)
    - GoogleUtilities/Environment (~> 7.6)
    - GoogleUtilities/UserDefaults (~> 7.6)
    - PromisesObjC (< 3.0, >= 1.2)
  - FirebaseMessaging (8.10.0):
    - FirebaseCore (~> 8.0)
    - FirebaseInstallations (~> 8.0)
    - GoogleDataTransport (~> 9.1)
    - GoogleUtilities/AppDelegateSwizzler (~> 7.6)
    - GoogleUtilities/Environment (~> 7.6)
    - GoogleUtilities/Reachability (~> 7.6)
    - GoogleUtilities/UserDefaults (~> 7.6)
    - nanopb (~> 2.30908.0)
  - fmt (6.2.1)
  - GCDWebServer (3.5.4):
    - GCDWebServer/Core (= 3.5.4)
  - GCDWebServer/Core (3.5.4)
  - glog (0.3.5)
  - GoogleAppMeasurement/WithoutAdIdSupport (8.10.0):
    - GoogleUtilities/AppDelegateSwizzler (~> 7.6)
    - GoogleUtilities/MethodSwizzler (~> 7.6)
    - GoogleUtilities/Network (~> 7.6)
    - "GoogleUtilities/NSData+zlib (~> 7.6)"
    - nanopb (~> 2.30908.0)
  - GoogleDataTransport (9.1.2):
    - GoogleUtilities/Environment (~> 7.2)
    - nanopb (~> 2.30908.0)
    - PromisesObjC (< 3.0, >= 1.2)
  - GoogleUtilities/AppDelegateSwizzler (7.6.0):
    - GoogleUtilities/Environment
    - GoogleUtilities/Logger
    - GoogleUtilities/Network
  - GoogleUtilities/Environment (7.6.0):
    - PromisesObjC (< 3.0, >= 1.2)
  - GoogleUtilities/Logger (7.6.0):
    - GoogleUtilities/Environment
  - GoogleUtilities/MethodSwizzler (7.6.0):
    - GoogleUtilities/Logger
  - GoogleUtilities/Network (7.6.0):
    - GoogleUtilities/Logger
    - "GoogleUtilities/NSData+zlib"
    - GoogleUtilities/Reachability
  - "GoogleUtilities/NSData+zlib (7.6.0)"
  - GoogleUtilities/Reachability (7.6.0):
    - GoogleUtilities/Logger
  - GoogleUtilities/UserDefaults (7.6.0):
    - GoogleUtilities/Logger
  - HMSegmentedControl (1.5.6)
  - Interactable (2.0.1):
    - React
  - nanopb (2.30908.0):
    - nanopb/decode (= 2.30908.0)
    - nanopb/encode (= 2.30908.0)
  - nanopb/decode (2.30908.0)
  - nanopb/encode (2.30908.0)
  - PromisesObjC (2.0.0)
  - RCT-Folly (2021.06.28.00-v2):
    - boost
    - DoubleConversion
    - fmt (~> 6.2.1)
    - glog
    - RCT-Folly/Default (= 2021.06.28.00-v2)
  - RCT-Folly/Default (2021.06.28.00-v2):
    - boost
    - DoubleConversion
    - fmt (~> 6.2.1)
    - glog
  - RCTRequired (0.66.1)
  - RCTTypeSafety (0.66.1):
    - FBLazyVector (= 0.66.1)
    - RCT-Folly (= 2021.06.28.00-v2)
    - RCTRequired (= 0.66.1)
    - React-Core (= 0.66.1)
  - React (0.66.1):
    - React-Core (= 0.66.1)
    - React-Core/DevSupport (= 0.66.1)
    - React-Core/RCTWebSocket (= 0.66.1)
    - React-RCTActionSheet (= 0.66.1)
    - React-RCTAnimation (= 0.66.1)
    - React-RCTBlob (= 0.66.1)
    - React-RCTImage (= 0.66.1)
    - React-RCTLinking (= 0.66.1)
    - React-RCTNetwork (= 0.66.1)
    - React-RCTSettings (= 0.66.1)
    - React-RCTText (= 0.66.1)
    - React-RCTVibration (= 0.66.1)
  - React-callinvoker (0.66.1)
  - React-Core (0.66.1):
    - glog
    - RCT-Folly (= 2021.06.28.00-v2)
    - React-Core/Default (= 0.66.1)
    - React-cxxreact (= 0.66.1)
    - React-jsi (= 0.66.1)
    - React-jsiexecutor (= 0.66.1)
    - React-perflogger (= 0.66.1)
    - Yoga
  - React-Core/CoreModulesHeaders (0.66.1):
    - glog
    - RCT-Folly (= 2021.06.28.00-v2)
    - React-Core/Default
    - React-cxxreact (= 0.66.1)
    - React-jsi (= 0.66.1)
    - React-jsiexecutor (= 0.66.1)
    - React-perflogger (= 0.66.1)
    - Yoga
  - React-Core/Default (0.66.1):
    - glog
    - RCT-Folly (= 2021.06.28.00-v2)
    - React-cxxreact (= 0.66.1)
    - React-jsi (= 0.66.1)
    - React-jsiexecutor (= 0.66.1)
    - React-perflogger (= 0.66.1)
    - Yoga
  - React-Core/DevSupport (0.66.1):
    - glog
    - RCT-Folly (= 2021.06.28.00-v2)
    - React-Core/Default (= 0.66.1)
    - React-Core/RCTWebSocket (= 0.66.1)
    - React-cxxreact (= 0.66.1)
    - React-jsi (= 0.66.1)
    - React-jsiexecutor (= 0.66.1)
    - React-jsinspector (= 0.66.1)
    - React-perflogger (= 0.66.1)
    - Yoga
  - React-Core/RCTActionSheetHeaders (0.66.1):
    - glog
    - RCT-Folly (= 2021.06.28.00-v2)
    - React-Core/Default
    - React-cxxreact (= 0.66.1)
    - React-jsi (= 0.66.1)
    - React-jsiexecutor (= 0.66.1)
    - React-perflogger (= 0.66.1)
    - Yoga
  - React-Core/RCTAnimationHeaders (0.66.1):
    - glog
    - RCT-Folly (= 2021.06.28.00-v2)
    - React-Core/Default
    - React-cxxreact (= 0.66.1)
    - React-jsi (= 0.66.1)
    - React-jsiexecutor (= 0.66.1)
    - React-perflogger (= 0.66.1)
    - Yoga
  - React-Core/RCTBlobHeaders (0.66.1):
    - glog
    - RCT-Folly (= 2021.06.28.00-v2)
    - React-Core/Default
    - React-cxxreact (= 0.66.1)
    - React-jsi (= 0.66.1)
    - React-jsiexecutor (= 0.66.1)
    - React-perflogger (= 0.66.1)
    - Yoga
  - React-Core/RCTImageHeaders (0.66.1):
    - glog
    - RCT-Folly (= 2021.06.28.00-v2)
    - React-Core/Default
    - React-cxxreact (= 0.66.1)
    - React-jsi (= 0.66.1)
    - React-jsiexecutor (= 0.66.1)
    - React-perflogger (= 0.66.1)
    - Yoga
  - React-Core/RCTLinkingHeaders (0.66.1):
    - glog
    - RCT-Folly (= 2021.06.28.00-v2)
    - React-Core/Default
    - React-cxxreact (= 0.66.1)
    - React-jsi (= 0.66.1)
    - React-jsiexecutor (= 0.66.1)
    - React-perflogger (= 0.66.1)
    - Yoga
  - React-Core/RCTNetworkHeaders (0.66.1):
    - glog
    - RCT-Folly (= 2021.06.28.00-v2)
    - React-Core/Default
    - React-cxxreact (= 0.66.1)
    - React-jsi (= 0.66.1)
    - React-jsiexecutor (= 0.66.1)
    - React-perflogger (= 0.66.1)
    - Yoga
  - React-Core/RCTSettingsHeaders (0.66.1):
    - glog
    - RCT-Folly (= 2021.06.28.00-v2)
    - React-Core/Default
    - React-cxxreact (= 0.66.1)
    - React-jsi (= 0.66.1)
    - React-jsiexecutor (= 0.66.1)
    - React-perflogger (= 0.66.1)
    - Yoga
  - React-Core/RCTTextHeaders (0.66.1):
    - glog
    - RCT-Folly (= 2021.06.28.00-v2)
    - React-Core/Default
    - React-cxxreact (= 0.66.1)
    - React-jsi (= 0.66.1)
    - React-jsiexecutor (= 0.66.1)
    - React-perflogger (= 0.66.1)
    - Yoga
  - React-Core/RCTVibrationHeaders (0.66.1):
    - glog
    - RCT-Folly (= 2021.06.28.00-v2)
    - React-Core/Default
    - React-cxxreact (= 0.66.1)
    - React-jsi (= 0.66.1)
    - React-jsiexecutor (= 0.66.1)
    - React-perflogger (= 0.66.1)
    - Yoga
  - React-Core/RCTWebSocket (0.66.1):
    - glog
    - RCT-Folly (= 2021.06.28.00-v2)
    - React-Core/Default (= 0.66.1)
    - React-cxxreact (= 0.66.1)
    - React-jsi (= 0.66.1)
    - React-jsiexecutor (= 0.66.1)
    - React-perflogger (= 0.66.1)
    - Yoga
  - React-CoreModules (0.66.1):
    - FBReactNativeSpec (= 0.66.1)
    - RCT-Folly (= 2021.06.28.00-v2)
    - RCTTypeSafety (= 0.66.1)
    - React-Core/CoreModulesHeaders (= 0.66.1)
    - React-jsi (= 0.66.1)
    - React-RCTImage (= 0.66.1)
    - ReactCommon/turbomodule/core (= 0.66.1)
  - React-cxxreact (0.66.1):
    - boost (= 1.76.0)
    - DoubleConversion
    - glog
    - RCT-Folly (= 2021.06.28.00-v2)
    - React-callinvoker (= 0.66.1)
    - React-jsi (= 0.66.1)
    - React-jsinspector (= 0.66.1)
    - React-logger (= 0.66.1)
    - React-perflogger (= 0.66.1)
    - React-runtimeexecutor (= 0.66.1)
  - React-jsi (0.66.1):
    - boost (= 1.76.0)
    - DoubleConversion
    - glog
    - RCT-Folly (= 2021.06.28.00-v2)
    - React-jsi/Default (= 0.66.1)
  - React-jsi/Default (0.66.1):
    - boost (= 1.76.0)
    - DoubleConversion
    - glog
    - RCT-Folly (= 2021.06.28.00-v2)
  - React-jsiexecutor (0.66.1):
    - DoubleConversion
    - glog
    - RCT-Folly (= 2021.06.28.00-v2)
    - React-cxxreact (= 0.66.1)
    - React-jsi (= 0.66.1)
    - React-perflogger (= 0.66.1)
  - React-jsinspector (0.66.1)
  - React-logger (0.66.1):
    - glog
  - react-native-blur (0.8.0):
    - React
  - react-native-camera (4.2.1):
    - React-Core
    - react-native-camera/RCT (= 4.2.1)
    - react-native-camera/RN (= 4.2.1)
  - react-native-camera/RCT (4.2.1):
    - React-Core
  - react-native-camera/RN (4.2.1):
    - React-Core
  - react-native-fingerprint-scanner (6.0.0):
    - React
  - react-native-netinfo (6.0.2):
    - React-Core
  - react-native-sdk (2.5.2):
    - React
    - VeriffSDK (>= 4.18.0)
  - react-native-webview (11.15.0):
    - React-Core
  - React-perflogger (0.66.1)
  - React-RCTActionSheet (0.66.1):
    - React-Core/RCTActionSheetHeaders (= 0.66.1)
  - React-RCTAnimation (0.66.1):
    - FBReactNativeSpec (= 0.66.1)
    - RCT-Folly (= 2021.06.28.00-v2)
    - RCTTypeSafety (= 0.66.1)
    - React-Core/RCTAnimationHeaders (= 0.66.1)
    - React-jsi (= 0.66.1)
    - ReactCommon/turbomodule/core (= 0.66.1)
  - React-RCTBlob (0.66.1):
    - FBReactNativeSpec (= 0.66.1)
    - RCT-Folly (= 2021.06.28.00-v2)
    - React-Core/RCTBlobHeaders (= 0.66.1)
    - React-Core/RCTWebSocket (= 0.66.1)
    - React-jsi (= 0.66.1)
    - React-RCTNetwork (= 0.66.1)
    - ReactCommon/turbomodule/core (= 0.66.1)
  - React-RCTImage (0.66.1):
    - FBReactNativeSpec (= 0.66.1)
    - RCT-Folly (= 2021.06.28.00-v2)
    - RCTTypeSafety (= 0.66.1)
    - React-Core/RCTImageHeaders (= 0.66.1)
    - React-jsi (= 0.66.1)
    - React-RCTNetwork (= 0.66.1)
    - ReactCommon/turbomodule/core (= 0.66.1)
  - React-RCTLinking (0.66.1):
    - FBReactNativeSpec (= 0.66.1)
    - React-Core/RCTLinkingHeaders (= 0.66.1)
    - React-jsi (= 0.66.1)
    - ReactCommon/turbomodule/core (= 0.66.1)
  - React-RCTNetwork (0.66.1):
    - FBReactNativeSpec (= 0.66.1)
    - RCT-Folly (= 2021.06.28.00-v2)
    - RCTTypeSafety (= 0.66.1)
    - React-Core/RCTNetworkHeaders (= 0.66.1)
    - React-jsi (= 0.66.1)
    - ReactCommon/turbomodule/core (= 0.66.1)
  - React-RCTSettings (0.66.1):
    - FBReactNativeSpec (= 0.66.1)
    - RCT-Folly (= 2021.06.28.00-v2)
    - RCTTypeSafety (= 0.66.1)
    - React-Core/RCTSettingsHeaders (= 0.66.1)
    - React-jsi (= 0.66.1)
    - ReactCommon/turbomodule/core (= 0.66.1)
  - React-RCTText (0.66.1):
    - React-Core/RCTTextHeaders (= 0.66.1)
  - React-RCTVibration (0.66.1):
    - FBReactNativeSpec (= 0.66.1)
    - RCT-Folly (= 2021.06.28.00-v2)
    - React-Core/RCTVibrationHeaders (= 0.66.1)
    - React-jsi (= 0.66.1)
    - ReactCommon/turbomodule/core (= 0.66.1)
  - React-runtimeexecutor (0.66.1):
    - React-jsi (= 0.66.1)
  - ReactCommon/turbomodule/core (0.66.1):
    - DoubleConversion
    - glog
    - RCT-Folly (= 2021.06.28.00-v2)
    - React-callinvoker (= 0.66.1)
    - React-Core (= 0.66.1)
    - React-cxxreact (= 0.66.1)
    - React-jsi (= 0.66.1)
    - React-logger (= 0.66.1)
    - React-perflogger (= 0.66.1)
  - ReactNativeNavigation (7.25.0):
    - HMSegmentedControl
    - React-Core
    - React-RCTImage
    - React-RCTText
    - ReactNativeNavigation/Core (= 7.25.0)
  - ReactNativeNavigation/Core (7.25.0):
    - HMSegmentedControl
    - React-Core
    - React-RCTImage
    - React-RCTText
  - RealmJS (10.10.1):
    - GCDWebServer
    - React
  - RNCClipboard (1.5.1):
    - React-Core
  - RNDeviceInfo (8.3.3):
    - React-Core
  - RNFBAnalytics (14.2.1):
    - Firebase/AnalyticsWithoutAdIdSupport (= 8.10.0)
    - React-Core
    - RNFBApp
  - RNFBApp (14.2.1):
    - Firebase/CoreOnly (= 8.10.0)
    - React-Core
  - RNFBCrashlytics (14.2.1):
    - Firebase/Crashlytics (= 8.10.0)
    - React-Core
    - RNFBApp
  - RNFBMessaging (14.2.1):
    - Firebase/Messaging (= 8.10.0)
    - React-Core
    - RNFBApp
  - RNKeychain (4.0.5):
    - React
  - RNTangemSdk (2.0.4):
    - React
    - TangemSdk (= 3.1.5)
  - TangemSdk (3.1.5)
  - VeriffSDK (4.24.0)
  - Yoga (1.14.0)

DEPENDENCIES:
  - boost (from `../node_modules/react-native/third-party-podspecs/boost.podspec`)
  - DoubleConversion (from `../node_modules/react-native/third-party-podspecs/DoubleConversion.podspec`)
  - FBLazyVector (from `../node_modules/react-native/Libraries/FBLazyVector`)
  - FBReactNativeSpec (from `../node_modules/react-native/React/FBReactNativeSpec`)
  - glog (from `../node_modules/react-native/third-party-podspecs/glog.podspec`)
  - Interactable (from `../node_modules/react-native-interactable`)
  - RCT-Folly (from `../node_modules/react-native/third-party-podspecs/RCT-Folly.podspec`)
  - RCTRequired (from `../node_modules/react-native/Libraries/RCTRequired`)
  - RCTTypeSafety (from `../node_modules/react-native/Libraries/TypeSafety`)
  - React (from `../node_modules/react-native/`)
  - React-callinvoker (from `../node_modules/react-native/ReactCommon/callinvoker`)
  - React-Core (from `../node_modules/react-native/`)
  - React-Core/DevSupport (from `../node_modules/react-native/`)
  - React-Core/RCTWebSocket (from `../node_modules/react-native/`)
  - React-CoreModules (from `../node_modules/react-native/React/CoreModules`)
  - React-cxxreact (from `../node_modules/react-native/ReactCommon/cxxreact`)
  - React-jsi (from `../node_modules/react-native/ReactCommon/jsi`)
  - React-jsiexecutor (from `../node_modules/react-native/ReactCommon/jsiexecutor`)
  - React-jsinspector (from `../node_modules/react-native/ReactCommon/jsinspector`)
  - React-logger (from `../node_modules/react-native/ReactCommon/logger`)
  - "react-native-blur (from `../node_modules/@react-native-community/blur`)"
  - react-native-camera (from `../node_modules/react-native-camera`)
  - react-native-fingerprint-scanner (from `../node_modules/react-native-fingerprint-scanner`)
  - "react-native-netinfo (from `../node_modules/@react-native-community/netinfo`)"
  - "react-native-sdk (from `../node_modules/@veriff/react-native-sdk`)"
  - react-native-webview (from `../node_modules/react-native-webview`)
  - React-perflogger (from `../node_modules/react-native/ReactCommon/reactperflogger`)
  - React-RCTActionSheet (from `../node_modules/react-native/Libraries/ActionSheetIOS`)
  - React-RCTAnimation (from `../node_modules/react-native/Libraries/NativeAnimation`)
  - React-RCTBlob (from `../node_modules/react-native/Libraries/Blob`)
  - React-RCTImage (from `../node_modules/react-native/Libraries/Image`)
  - React-RCTLinking (from `../node_modules/react-native/Libraries/LinkingIOS`)
  - React-RCTNetwork (from `../node_modules/react-native/Libraries/Network`)
  - React-RCTSettings (from `../node_modules/react-native/Libraries/Settings`)
  - React-RCTText (from `../node_modules/react-native/Libraries/Text`)
  - React-RCTVibration (from `../node_modules/react-native/Libraries/Vibration`)
  - React-runtimeexecutor (from `../node_modules/react-native/ReactCommon/runtimeexecutor`)
  - ReactCommon/turbomodule/core (from `../node_modules/react-native/ReactCommon`)
  - ReactNativeNavigation (from `../node_modules/react-native-navigation`)
  - RealmJS (from `../node_modules/realm`)
  - "RNCClipboard (from `../node_modules/@react-native-community/clipboard`)"
  - RNDeviceInfo (from `../node_modules/react-native-device-info`)
  - "RNFBAnalytics (from `../node_modules/@react-native-firebase/analytics`)"
  - "RNFBApp (from `../node_modules/@react-native-firebase/app`)"
  - "RNFBCrashlytics (from `../node_modules/@react-native-firebase/crashlytics`)"
  - "RNFBMessaging (from `../node_modules/@react-native-firebase/messaging`)"
  - RNKeychain (from `../node_modules/react-native-keychain`)
  - RNTangemSdk (from `../node_modules/tangem-sdk-react-native`)
  - Yoga (from `../node_modules/react-native/ReactCommon/yoga`)

SPEC REPOS:
  trunk:
    - Firebase
    - FirebaseAnalytics
    - FirebaseCore
    - FirebaseCoreDiagnostics
    - FirebaseCrashlytics
    - FirebaseInstallations
    - FirebaseMessaging
    - fmt
    - GCDWebServer
    - GoogleAppMeasurement
    - GoogleDataTransport
    - GoogleUtilities
    - HMSegmentedControl
    - nanopb
    - PromisesObjC
    - TangemSdk
    - VeriffSDK

EXTERNAL SOURCES:
  boost:
    :podspec: "../node_modules/react-native/third-party-podspecs/boost.podspec"
  DoubleConversion:
    :podspec: "../node_modules/react-native/third-party-podspecs/DoubleConversion.podspec"
  FBLazyVector:
    :path: "../node_modules/react-native/Libraries/FBLazyVector"
  FBReactNativeSpec:
    :path: "../node_modules/react-native/React/FBReactNativeSpec"
  glog:
    :podspec: "../node_modules/react-native/third-party-podspecs/glog.podspec"
  Interactable:
    :path: "../node_modules/react-native-interactable"
  RCT-Folly:
    :podspec: "../node_modules/react-native/third-party-podspecs/RCT-Folly.podspec"
  RCTRequired:
    :path: "../node_modules/react-native/Libraries/RCTRequired"
  RCTTypeSafety:
    :path: "../node_modules/react-native/Libraries/TypeSafety"
  React:
    :path: "../node_modules/react-native/"
  React-callinvoker:
    :path: "../node_modules/react-native/ReactCommon/callinvoker"
  React-Core:
    :path: "../node_modules/react-native/"
  React-CoreModules:
    :path: "../node_modules/react-native/React/CoreModules"
  React-cxxreact:
    :path: "../node_modules/react-native/ReactCommon/cxxreact"
  React-jsi:
    :path: "../node_modules/react-native/ReactCommon/jsi"
  React-jsiexecutor:
    :path: "../node_modules/react-native/ReactCommon/jsiexecutor"
  React-jsinspector:
    :path: "../node_modules/react-native/ReactCommon/jsinspector"
  React-logger:
    :path: "../node_modules/react-native/ReactCommon/logger"
  react-native-blur:
    :path: "../node_modules/@react-native-community/blur"
  react-native-camera:
    :path: "../node_modules/react-native-camera"
  react-native-fingerprint-scanner:
    :path: "../node_modules/react-native-fingerprint-scanner"
  react-native-netinfo:
    :path: "../node_modules/@react-native-community/netinfo"
  react-native-sdk:
    :path: "../node_modules/@veriff/react-native-sdk"
  react-native-webview:
    :path: "../node_modules/react-native-webview"
  React-perflogger:
    :path: "../node_modules/react-native/ReactCommon/reactperflogger"
  React-RCTActionSheet:
    :path: "../node_modules/react-native/Libraries/ActionSheetIOS"
  React-RCTAnimation:
    :path: "../node_modules/react-native/Libraries/NativeAnimation"
  React-RCTBlob:
    :path: "../node_modules/react-native/Libraries/Blob"
  React-RCTImage:
    :path: "../node_modules/react-native/Libraries/Image"
  React-RCTLinking:
    :path: "../node_modules/react-native/Libraries/LinkingIOS"
  React-RCTNetwork:
    :path: "../node_modules/react-native/Libraries/Network"
  React-RCTSettings:
    :path: "../node_modules/react-native/Libraries/Settings"
  React-RCTText:
    :path: "../node_modules/react-native/Libraries/Text"
  React-RCTVibration:
    :path: "../node_modules/react-native/Libraries/Vibration"
  React-runtimeexecutor:
    :path: "../node_modules/react-native/ReactCommon/runtimeexecutor"
  ReactCommon:
    :path: "../node_modules/react-native/ReactCommon"
  ReactNativeNavigation:
    :path: "../node_modules/react-native-navigation"
  RealmJS:
    :path: "../node_modules/realm"
  RNCClipboard:
    :path: "../node_modules/@react-native-community/clipboard"
  RNDeviceInfo:
    :path: "../node_modules/react-native-device-info"
  RNFBAnalytics:
    :path: "../node_modules/@react-native-firebase/analytics"
  RNFBApp:
    :path: "../node_modules/@react-native-firebase/app"
  RNFBCrashlytics:
    :path: "../node_modules/@react-native-firebase/crashlytics"
  RNFBMessaging:
    :path: "../node_modules/@react-native-firebase/messaging"
  RNKeychain:
    :path: "../node_modules/react-native-keychain"
  RNTangemSdk:
    :path: "../node_modules/tangem-sdk-react-native"
  Yoga:
    :path: "../node_modules/react-native/ReactCommon/yoga"

SPEC CHECKSUMS:
  boost: a7c83b31436843459a1961bfd74b96033dc77234
  DoubleConversion: 831926d9b8bf8166fd87886c4abab286c2422662
  FBLazyVector: 500821d196c3d1bd10e7e828bc93ce075234080f
  FBReactNativeSpec: 74c869e2cffa2ffec685cd1bac6788c021da6005
  Firebase: 44213362f1dcc52555b935dc925ed35ac55f1b20
  FirebaseAnalytics: 319c9b3b1bdd400d60e2f415dff0c5f6959e6760
  FirebaseCore: 04186597c095da37d90ff9fd3e53bc61a1ff2440
  FirebaseCoreDiagnostics: 56fb7216d87e0e6ec2feddefa9d8a392fe8b2c18
  FirebaseCrashlytics: 3b7f17cdf5bf1ae6ad5956696a6c26edeb39cca7
  FirebaseInstallations: 830327b45345ffc859eaa9c17bcd5ae893fd5425
  FirebaseMessaging: b0aeba17332ee1ee610662b4d1e02a86db82f08f
  fmt: ff9d55029c625d3757ed641535fd4a75fedc7ce9
  GCDWebServer: 2c156a56c8226e2d5c0c3f208a3621ccffbe3ce4
  glog: 5337263514dd6f09803962437687240c5dc39aa4
  GoogleAppMeasurement: a3311dbcf3ea651e5a070fe8559b57c174ada081
  GoogleDataTransport: 629c20a4d363167143f30ea78320d5a7eb8bd940
  GoogleUtilities: 684ee790a24f73ebb2d1d966e9711c203f2a4237
  HMSegmentedControl: 34c1f54d822d8308e7b24f5d901ec674dfa31352
  Interactable: 411887c89fa16ac41f8e7898aca06dcad55e5f22
  nanopb: a0ba3315591a9ae0a16a309ee504766e90db0c96
  PromisesObjC: 68159ce6952d93e17b2dfe273b8c40907db5ba58
  RCT-Folly: a21c126816d8025b547704b777a2ba552f3d9fa9
  RCTRequired: 3cc065b52aa18db729268b9bd78a2feffb4d0f91
  RCTTypeSafety: 3c4fc37d5dea452d2ef17324db5504ec2f05083a
  React: 4a00720816c52a213424442954acb7e4b724804a
  React-callinvoker: 911fc6570538f3bb5c61edf9dc907c1beb4355bf
  React-Core: e134d3a5d7b2a1a731589be776e20dbb14868f27
  React-CoreModules: 2f8588b2aa47e7fef27125c8eaaabda963b3ac62
  React-cxxreact: 8f1382538cad0cc8b8eafca6d66268828e353bea
  React-jsi: 9fe1854d2c0486216acebd5db3c38b4ccb23ca0b
  React-jsiexecutor: db2f6e22a534d466fc0e34e622df47d9d20bab2f
  React-jsinspector: 8c0517dee5e8c70cd6c3066f20213ff7ce54f176
  React-logger: bfddd3418dc1d45b77b822958f3e31422e2c179b
  react-native-blur: cad4d93b364f91e7b7931b3fa935455487e5c33c
  react-native-camera: 3eae183c1d111103963f3dd913b65d01aef8110f
  react-native-fingerprint-scanner: ac6656f18c8e45a7459302b84da41a44ad96dbbe
  react-native-netinfo: 92e6e4476eb8bf6fc2d7c0a6ca0a1406f663d73a
  react-native-sdk: 506996c95c89b987927788ea042d6b63418ba8da
  react-native-webview: e89bf2dba26a04cda967814df3ed1be99f291233
  React-perflogger: fcac6090a80e3d967791b4c7f1b1a017f9d4a398
  React-RCTActionSheet: caf5913d9f9e605f5467206cf9d1caa6d47d7ad6
  React-RCTAnimation: 6539e3bf594f6a529cd861985ba6548286ae1ead
  React-RCTBlob: 6e2e999d28b15fd03ed533f164ce33e0fcde571a
  React-RCTImage: c6bbb10eedb6b840c4474f2108b864173b83de15
  React-RCTLinking: 8fda9bb8fdb104e78110a903a9a77754318c7d11
  React-RCTNetwork: 2b26daad93830501cf14aab03eac04e304f942d3
  React-RCTSettings: 89c0dcee7adb706c749383596f57c1e882a27843
  React-RCTText: 71734fce8e6cb854daeb4a5eec182c303ea58473
  React-RCTVibration: 6600b5eed7c0fda4a433fa1198d1cb2690151791
  React-runtimeexecutor: 33a949a51bec5f8a3c9e8d8092deb259600d761e
  ReactCommon: 620442811dc6f707b4bf5e3b27d4f19c12d5a821
  ReactNativeNavigation: 0a768a3eb149e808ca28e12ffbca9b3efecb4ddf
  RealmJS: 2925b36a86fc179b0b58ad48386e43eb95188e9a
  RNCClipboard: 41d8d918092ae8e676f18adada19104fa3e68495
  RNDeviceInfo: cc7de0772378f85d8f36ae439df20f05c590a651
  RNFBAnalytics: d22ddd7910aa1537bceffe98bca30aeee0c31850
  RNFBApp: 4f490a1e02e41721c55b354019f39f2323d72f82
  RNFBCrashlytics: be2b4abeaf1cfe019a95f0ced8a7e7594a59f14e
  RNFBMessaging: e0ce43e32c59a95a5143a5f6a0bc197fd98a46bf
  RNKeychain: 840f8e6f13be0576202aefcdffd26a4f54bfe7b5
  RNTangemSdk: ab4fdefa12aaa25ebc9ef7bc4a032e2f3bfad3b4
  TangemSdk: 436eab945e920c45cec1d0e4b795f4bffa423b42
  VeriffSDK: b1e373f9ab53544a95cec1861e984d59713f5e16
  Yoga: 2b4a01651f42a32f82e6cef3830a3ba48088237f

PODFILE CHECKSUM: a539f6187a40ee59d537d67e7849507bb70311c4

COCOAPODS: 1.11.2
